{
  "version": 4,
  "terraform_version": "1.12.2",
  "serial": 361,
  "lineage": "8ebd9521-a849-97df-7fdd-9d3e058c2d00",
  "outputs": {
    "api_url": {
      "value": "https://api.agourakis.med.br",
      "type": "string"
    },
    "backend_service_name": {
      "value": "darwin-production-backend",
      "type": "string"
    },
    "backend_service_url": {
      "value": "https://darwin-production-backend-k33uefpruq-uc.a.run.app",
      "type": "string"
    },
    "backup_configuration": {
      "value": {
        "backup_retention_days": 7,
        "database_backup_enabled": true,
        "storage_backup_enabled": true
      },
      "type": [
        "object",
        {
          "backup_retention_days": "number",
          "database_backup_enabled": "bool",
          "storage_backup_enabled": "bool"
        }
      ]
    },
    "cdn_url": {
      "value": "https://cdn.darwin.agourakis.med.br",
      "type": "string"
    },
    "database_connection_name": {
      "value": "pcs-helio:us-central1:darwin-production-db",
      "type": "string"
    },
    "database_instance_id": {
      "value": "darwin-production-db",
      "type": "string"
    },
    "database_instance_name": {
      "value": "darwin-production-db",
      "type": "string"
    },
    "database_url": {
      "value": "postgresql://darwin_user_c94ea772:iiGf#]5oPJqUAR2:nZ[2=KX:j(JTUGm\u003e@10.221.1.3:5432/darwin_production",
      "type": "string",
      "sensitive": true
    },
    "deployment_timestamp": {
      "value": "2025-09-23T17:13:46Z",
      "type": "string"
    },
    "dns_configuration": {
      "value": {
        "api_domain": {
          "domain": "api.agourakis.med.br",
          "type": "A",
          "value": "34.128.164.40"
        },
        "frontend_domain": {
          "domain": "darwin.agourakis.med.br",
          "type": "A",
          "value": "34.128.164.40"
        }
      },
      "type": [
        "object",
        {
          "api_domain": [
            "object",
            {
              "domain": "string",
              "type": "string",
              "value": "string"
            }
          ],
          "frontend_domain": [
            "object",
            {
              "domain": "string",
              "type": "string",
              "value": "string"
            }
          ]
        }
      ]
    },
    "environment": {
      "value": "production",
      "type": "string"
    },
    "environment_variables": {
      "value": {
        "API_URL": "https://api.agourakis.med.br",
        "DATABASE_URL": "postgresql://darwin_user_c94ea772:iiGf#]5oPJqUAR2:nZ[2=KX:j(JTUGm\u003e@10.221.1.3:5432/darwin_production",
        "ENVIRONMENT": "production",
        "FRONTEND_URL": "https://darwin.agourakis.med.br",
        "PROJECT_ID": "pcs-helio",
        "REDIS_URL": "redis://:c91f6d4b-d612-47d0-a428-09b651b6ed44@10.221.0.3:6378",
        "REGION": "us-central1"
      },
      "type": [
        "object",
        {
          "API_URL": "string",
          "DATABASE_URL": "string",
          "ENVIRONMENT": "string",
          "FRONTEND_URL": "string",
          "PROJECT_ID": "string",
          "REDIS_URL": "string",
          "REGION": "string"
        }
      ],
      "sensitive": true
    },
    "estimated_monthly_cost": {
      "value": "${var.budget_amount}",
      "type": "string"
    },
    "frontend_service_name": {
      "value": "darwin-production-frontend",
      "type": "string"
    },
    "frontend_service_url": {
      "value": "https://darwin-production-frontend-k33uefpruq-uc.a.run.app",
      "type": "string"
    },
    "frontend_url": {
      "value": "https://darwin.agourakis.med.br",
      "type": "string"
    },
    "health_check_urls": {
      "value": {
        "api_health": "https://api.agourakis.med.br/health",
        "api_metrics": "https://api.agourakis.med.br/metrics",
        "frontend_health": "https://darwin.agourakis.med.br"
      },
      "type": [
        "object",
        {
          "api_health": "string",
          "api_metrics": "string",
          "frontend_health": "string"
        }
      ]
    },
    "load_balancer_ip": {
      "value": "34.128.164.40",
      "type": "string"
    },
    "performance_configuration": {
      "value": {
        "auto_scaling_enabled": true,
        "cache_ttl": 3600,
        "cdn_enabled": true,
        "connection_pool_size": 20
      },
      "type": [
        "object",
        {
          "auto_scaling_enabled": "bool",
          "cache_ttl": "number",
          "cdn_enabled": "bool",
          "connection_pool_size": "number"
        }
      ]
    },
    "project_id": {
      "value": "pcs-helio",
      "type": "string"
    },
    "redis_host": {
      "value": "10.221.0.3",
      "type": "string"
    },
    "redis_instance_id": {
      "value": "projects/pcs-helio/locations/us-central1/instances/darwin-production-redis",
      "type": "string"
    },
    "redis_port": {
      "value": 6378,
      "type": "number"
    },
    "redis_url": {
      "value": "redis://:c91f6d4b-d612-47d0-a428-09b651b6ed44@10.221.0.3:6378",
      "type": "string",
      "sensitive": true
    },
    "region": {
      "value": "us-central1",
      "type": "string"
    },
    "service_accounts": {
      "value": {
        "backend": "darwin-production-backend-sa@pcs-helio.iam.gserviceaccount.com",
        "frontend": "darwin-production-frontend-sa@pcs-helio.iam.gserviceaccount.com"
      },
      "type": [
        "object",
        {
          "backend": "string",
          "frontend": "string"
        }
      ]
    },
    "ssl_certificate_id": {
      "value": "projects/pcs-helio/global/sslCertificates/darwin-ssl-cert",
      "type": "string"
    },
    "ssl_certificate_status": {
      "value": {
        "domains": [
          "api.agourakis.med.br",
          "darwin.agourakis.med.br"
        ]
      },
      "type": [
        "object",
        {
          "domains": [
            "list",
            "string"
          ]
        }
      ]
    },
    "storage_buckets": {
      "value": {
        "backups": "darwin-production-backups",
        "documents": "darwin-production-documents",
        "logs": "darwin-production-logs",
        "models": "darwin-production-models",
        "uploads": "darwin-production-uploads"
      },
      "type": [
        "object",
        {
          "backups": "string",
          "documents": "string",
          "logs": "string",
          "models": "string",
          "uploads": "string"
        }
      ]
    },
    "subnet_id": {
      "value": "projects/pcs-helio/regions/us-central1/subnetworks/darwin-production-subnet",
      "type": "string"
    },
    "subnet_name": {
      "value": "darwin-production-subnet",
      "type": "string"
    },
    "terraform_state_backup_bucket": {
      "value": "darwin-terraform-state-backup-production",
      "type": "string"
    },
    "terraform_state_bucket": {
      "value": "darwin-terraform-state-bucket",
      "type": "string"
    },
    "terraform_state_bucket_url": {
      "value": "gs://darwin-terraform-state-bucket",
      "type": "string"
    },
    "terraform_version": {
      "value": "1.0+",
      "type": "string"
    },
    "vpc_connector_name": {
      "value": "darwin-production-conn",
      "type": "string"
    },
    "vpc_id": {
      "value": "projects/pcs-helio/global/networks/darwin-production-vpc",
      "type": "string"
    },
    "vpc_name": {
      "value": "darwin-production-vpc",
      "type": "string"
    }
  },
  "resources": [
    {
      "mode": "managed",
      "type": "google_compute_managed_ssl_certificate",
      "name": "darwin_ssl",
      "provider": "provider[\"registry.terraform.io/hashicorp/google\"]",
      "instances": [
        {
          "schema_version": 0,
          "attributes": {
            "certificate_id": 7125465439932266943,
            "creation_timestamp": "2025-09-22T10:28:48.292-07:00",
            "description": "",
            "expire_time": "",
            "id": "projects/pcs-helio/global/sslCertificates/darwin-ssl-cert",
            "managed": [
              {
                "domains": [
                  "api.agourakis.med.br",
                  "darwin.agourakis.med.br"
                ]
              }
            ],
            "name": "darwin-ssl-cert",
            "project": "pcs-helio",
            "self_link": "https://www.googleapis.com/compute/v1/projects/pcs-helio/global/sslCertificates/darwin-ssl-cert",
            "subject_alternative_names": [],
            "timeouts": null,
            "type": "MANAGED"
          },
          "sensitive_attributes": [],
          "identity_schema_version": 0,
          "private": "eyJlMmJmYjczMC1lY2FhLTExZTYtOGY4OC0zNDM2M2JjN2M0YzAiOnsiY3JlYXRlIjoxODAwMDAwMDAwMDAwLCJkZWxldGUiOjE4MDAwMDAwMDAwMDB9fQ==",
          "create_before_destroy": true
        }
      ]
    },
    {
      "mode": "managed",
      "type": "google_logging_project_sink",
      "name": "terraform_state_audit",
      "provider": "provider[\"registry.terraform.io/hashicorp/google\"]",
      "instances": [
        {
          "schema_version": 0,
          "attributes": {
            "bigquery_options": [],
            "custom_writer_identity": null,
            "description": "",
            "destination": "storage.googleapis.com/darwin-terraform-state-bucket",
            "disabled": false,
            "exclusions": [],
            "filter": "resource.type=\"gcs_bucket\"\nresource.labels.bucket_name=\"darwin-terraform-state-bucket\"",
            "id": "projects/pcs-helio/sinks/terraform-state-audit",
            "name": "terraform-state-audit",
            "project": "pcs-helio",
            "unique_writer_identity": true,
            "writer_identity": "serviceAccount:service-862291807500@gcp-sa-logging.iam.gserviceaccount.com"
          },
          "sensitive_attributes": [],
          "identity_schema_version": 0,
          "private": "bnVsbA==",
          "dependencies": [
            "google_storage_bucket.terraform_state"
          ]
        }
      ]
    },
    {
      "mode": "managed",
      "type": "google_project_iam_member",
      "name": "log_writer",
      "provider": "provider[\"registry.terraform.io/hashicorp/google\"]",
      "instances": [
        {
          "schema_version": 0,
          "attributes": {
            "condition": [],
            "etag": "BwY/d3VCyvU=",
            "id": "pcs-helio/roles/storage.objectCreator/serviceAccount:service-862291807500@gcp-sa-logging.iam.gserviceaccount.com",
            "member": "serviceAccount:service-862291807500@gcp-sa-logging.iam.gserviceaccount.com",
            "project": "pcs-helio",
            "role": "roles/storage.objectCreator"
          },
          "sensitive_attributes": [],
          "identity_schema_version": 0,
          "private": "bnVsbA==",
          "dependencies": [
            "google_logging_project_sink.terraform_state_audit",
            "google_storage_bucket.terraform_state"
          ]
        }
      ]
    },
    {
      "mode": "managed",
      "type": "google_project_service",
      "name": "required_apis",
      "provider": "provider[\"registry.terraform.io/hashicorp/google\"]",
      "instances": [
        {
          "index_key": "artifactregistry.googleapis.com",
          "schema_version": 0,
          "attributes": {
            "disable_dependent_services": null,
            "disable_on_destroy": false,
            "id": "pcs-helio/artifactregistry.googleapis.com",
            "project": "pcs-helio",
            "service": "artifactregistry.googleapis.com",
            "timeouts": null
          },
          "sensitive_attributes": [],
          "identity_schema_version": 0,
          "private": "eyJlMmJmYjczMC1lY2FhLTExZTYtOGY4OC0zNDM2M2JjN2M0YzAiOnsiY3JlYXRlIjoxMjAwMDAwMDAwMDAwLCJkZWxldGUiOjEyMDAwMDAwMDAwMDAsInJlYWQiOjYwMDAwMDAwMDAwMCwidXBkYXRlIjoxMjAwMDAwMDAwMDAwfX0="
        },
        {
          "index_key": "certificatemanager.googleapis.com",
          "schema_version": 0,
          "attributes": {
            "disable_dependent_services": null,
            "disable_on_destroy": false,
            "id": "pcs-helio/certificatemanager.googleapis.com",
            "project": "pcs-helio",
            "service": "certificatemanager.googleapis.com",
            "timeouts": null
          },
          "sensitive_attributes": [],
          "identity_schema_version": 0,
          "private": "eyJlMmJmYjczMC1lY2FhLTExZTYtOGY4OC0zNDM2M2JjN2M0YzAiOnsiY3JlYXRlIjoxMjAwMDAwMDAwMDAwLCJkZWxldGUiOjEyMDAwMDAwMDAwMDAsInJlYWQiOjYwMDAwMDAwMDAwMCwidXBkYXRlIjoxMjAwMDAwMDAwMDAwfX0="
        },
        {
          "index_key": "cloudbuild.googleapis.com",
          "schema_version": 0,
          "attributes": {
            "disable_dependent_services": null,
            "disable_on_destroy": false,
            "id": "pcs-helio/cloudbuild.googleapis.com",
            "project": "pcs-helio",
            "service": "cloudbuild.googleapis.com",
            "timeouts": null
          },
          "sensitive_attributes": [],
          "identity_schema_version": 0,
          "private": "eyJlMmJmYjczMC1lY2FhLTExZTYtOGY4OC0zNDM2M2JjN2M0YzAiOnsiY3JlYXRlIjoxMjAwMDAwMDAwMDAwLCJkZWxldGUiOjEyMDAwMDAwMDAwMDAsInJlYWQiOjYwMDAwMDAwMDAwMCwidXBkYXRlIjoxMjAwMDAwMDAwMDAwfX0="
        },
        {
          "index_key": "cloudresourcemanager.googleapis.com",
          "schema_version": 0,
          "attributes": {
            "disable_dependent_services": null,
            "disable_on_destroy": false,
            "id": "pcs-helio/cloudresourcemanager.googleapis.com",
            "project": "pcs-helio",
            "service": "cloudresourcemanager.googleapis.com",
            "timeouts": null
          },
          "sensitive_attributes": [],
          "identity_schema_version": 0,
          "private": "eyJlMmJmYjczMC1lY2FhLTExZTYtOGY4OC0zNDM2M2JjN2M0YzAiOnsiY3JlYXRlIjoxMjAwMDAwMDAwMDAwLCJkZWxldGUiOjEyMDAwMDAwMDAwMDAsInJlYWQiOjYwMDAwMDAwMDAwMCwidXBkYXRlIjoxMjAwMDAwMDAwMDAwfX0="
        },
        {
          "index_key": "compute.googleapis.com",
          "schema_version": 0,
          "attributes": {
            "disable_dependent_services": null,
            "disable_on_destroy": false,
            "id": "pcs-helio/compute.googleapis.com",
            "project": "pcs-helio",
            "service": "compute.googleapis.com",
            "timeouts": null
          },
          "sensitive_attributes": [],
          "identity_schema_version": 0,
          "private": "eyJlMmJmYjczMC1lY2FhLTExZTYtOGY4OC0zNDM2M2JjN2M0YzAiOnsiY3JlYXRlIjoxMjAwMDAwMDAwMDAwLCJkZWxldGUiOjEyMDAwMDAwMDAwMDAsInJlYWQiOjYwMDAwMDAwMDAwMCwidXBkYXRlIjoxMjAwMDAwMDAwMDAwfX0="
        },
        {
          "index_key": "containerregistry.googleapis.com",
          "schema_version": 0,
          "attributes": {
            "disable_dependent_services": null,
            "disable_on_destroy": false,
            "id": "pcs-helio/containerregistry.googleapis.com",
            "project": "pcs-helio",
            "service": "containerregistry.googleapis.com",
            "timeouts": null
          },
          "sensitive_attributes": [],
          "identity_schema_version": 0,
          "private": "eyJlMmJmYjczMC1lY2FhLTExZTYtOGY4OC0zNDM2M2JjN2M0YzAiOnsiY3JlYXRlIjoxMjAwMDAwMDAwMDAwLCJkZWxldGUiOjEyMDAwMDAwMDAwMDAsInJlYWQiOjYwMDAwMDAwMDAwMCwidXBkYXRlIjoxMjAwMDAwMDAwMDAwfX0="
        },
        {
          "index_key": "dns.googleapis.com",
          "schema_version": 0,
          "attributes": {
            "disable_dependent_services": null,
            "disable_on_destroy": false,
            "id": "pcs-helio/dns.googleapis.com",
            "project": "pcs-helio",
            "service": "dns.googleapis.com",
            "timeouts": null
          },
          "sensitive_attributes": [],
          "identity_schema_version": 0,
          "private": "eyJlMmJmYjczMC1lY2FhLTExZTYtOGY4OC0zNDM2M2JjN2M0YzAiOnsiY3JlYXRlIjoxMjAwMDAwMDAwMDAwLCJkZWxldGUiOjEyMDAwMDAwMDAwMDAsInJlYWQiOjYwMDAwMDAwMDAwMCwidXBkYXRlIjoxMjAwMDAwMDAwMDAwfX0="
        },
        {
          "index_key": "iam.googleapis.com",
          "schema_version": 0,
          "attributes": {
            "disable_dependent_services": null,
            "disable_on_destroy": false,
            "id": "pcs-helio/iam.googleapis.com",
            "project": "pcs-helio",
            "service": "iam.googleapis.com",
            "timeouts": null
          },
          "sensitive_attributes": [],
          "identity_schema_version": 0,
          "private": "eyJlMmJmYjczMC1lY2FhLTExZTYtOGY4OC0zNDM2M2JjN2M0YzAiOnsiY3JlYXRlIjoxMjAwMDAwMDAwMDAwLCJkZWxldGUiOjEyMDAwMDAwMDAwMDAsInJlYWQiOjYwMDAwMDAwMDAwMCwidXBkYXRlIjoxMjAwMDAwMDAwMDAwfX0="
        },
        {
          "index_key": "logging.googleapis.com",
          "schema_version": 0,
          "attributes": {
            "disable_dependent_services": null,
            "disable_on_destroy": false,
            "id": "pcs-helio/logging.googleapis.com",
            "project": "pcs-helio",
            "service": "logging.googleapis.com",
            "timeouts": null
          },
          "sensitive_attributes": [],
          "identity_schema_version": 0,
          "private": "eyJlMmJmYjczMC1lY2FhLTExZTYtOGY4OC0zNDM2M2JjN2M0YzAiOnsiY3JlYXRlIjoxMjAwMDAwMDAwMDAwLCJkZWxldGUiOjEyMDAwMDAwMDAwMDAsInJlYWQiOjYwMDAwMDAwMDAwMCwidXBkYXRlIjoxMjAwMDAwMDAwMDAwfX0="
        },
        {
          "index_key": "monitoring.googleapis.com",
          "schema_version": 0,
          "attributes": {
            "disable_dependent_services": null,
            "disable_on_destroy": false,
            "id": "pcs-helio/monitoring.googleapis.com",
            "project": "pcs-helio",
            "service": "monitoring.googleapis.com",
            "timeouts": null
          },
          "sensitive_attributes": [],
          "identity_schema_version": 0,
          "private": "eyJlMmJmYjczMC1lY2FhLTExZTYtOGY4OC0zNDM2M2JjN2M0YzAiOnsiY3JlYXRlIjoxMjAwMDAwMDAwMDAwLCJkZWxldGUiOjEyMDAwMDAwMDAwMDAsInJlYWQiOjYwMDAwMDAwMDAwMCwidXBkYXRlIjoxMjAwMDAwMDAwMDAwfX0="
        },
        {
          "index_key": "redis.googleapis.com",
          "schema_version": 0,
          "attributes": {
            "disable_dependent_services": null,
            "disable_on_destroy": false,
            "id": "pcs-helio/redis.googleapis.com",
            "project": "pcs-helio",
            "service": "redis.googleapis.com",
            "timeouts": null
          },
          "sensitive_attributes": [],
          "identity_schema_version": 0,
          "private": "eyJlMmJmYjczMC1lY2FhLTExZTYtOGY4OC0zNDM2M2JjN2M0YzAiOnsiY3JlYXRlIjoxMjAwMDAwMDAwMDAwLCJkZWxldGUiOjEyMDAwMDAwMDAwMDAsInJlYWQiOjYwMDAwMDAwMDAwMCwidXBkYXRlIjoxMjAwMDAwMDAwMDAwfX0="
        },
        {
          "index_key": "run.googleapis.com",
          "schema_version": 0,
          "attributes": {
            "disable_dependent_services": null,
            "disable_on_destroy": false,
            "id": "pcs-helio/run.googleapis.com",
            "project": "pcs-helio",
            "service": "run.googleapis.com",
            "timeouts": null
          },
          "sensitive_attributes": [],
          "identity_schema_version": 0,
          "private": "eyJlMmJmYjczMC1lY2FhLTExZTYtOGY4OC0zNDM2M2JjN2M0YzAiOnsiY3JlYXRlIjoxMjAwMDAwMDAwMDAwLCJkZWxldGUiOjEyMDAwMDAwMDAwMDAsInJlYWQiOjYwMDAwMDAwMDAwMCwidXBkYXRlIjoxMjAwMDAwMDAwMDAwfX0="
        },
        {
          "index_key": "secretmanager.googleapis.com",
          "schema_version": 0,
          "attributes": {
            "disable_dependent_services": null,
            "disable_on_destroy": false,
            "id": "pcs-helio/secretmanager.googleapis.com",
            "project": "pcs-helio",
            "service": "secretmanager.googleapis.com",
            "timeouts": null
          },
          "sensitive_attributes": [],
          "identity_schema_version": 0,
          "private": "eyJlMmJmYjczMC1lY2FhLTExZTYtOGY4OC0zNDM2M2JjN2M0YzAiOnsiY3JlYXRlIjoxMjAwMDAwMDAwMDAwLCJkZWxldGUiOjEyMDAwMDAwMDAwMDAsInJlYWQiOjYwMDAwMDAwMDAwMCwidXBkYXRlIjoxMjAwMDAwMDAwMDAwfX0="
        },
        {
          "index_key": "sql-component.googleapis.com",
          "schema_version": 0,
          "attributes": {
            "disable_dependent_services": null,
            "disable_on_destroy": false,
            "id": "pcs-helio/sql-component.googleapis.com",
            "project": "pcs-helio",
            "service": "sql-component.googleapis.com",
            "timeouts": null
          },
          "sensitive_attributes": [],
          "identity_schema_version": 0,
          "private": "eyJlMmJmYjczMC1lY2FhLTExZTYtOGY4OC0zNDM2M2JjN2M0YzAiOnsiY3JlYXRlIjoxMjAwMDAwMDAwMDAwLCJkZWxldGUiOjEyMDAwMDAwMDAwMDAsInJlYWQiOjYwMDAwMDAwMDAwMCwidXBkYXRlIjoxMjAwMDAwMDAwMDAwfX0="
        },
        {
          "index_key": "sqladmin.googleapis.com",
          "schema_version": 0,
          "attributes": {
            "disable_dependent_services": null,
            "disable_on_destroy": false,
            "id": "pcs-helio/sqladmin.googleapis.com",
            "project": "pcs-helio",
            "service": "sqladmin.googleapis.com",
            "timeouts": null
          },
          "sensitive_attributes": [],
          "identity_schema_version": 0,
          "private": "eyJlMmJmYjczMC1lY2FhLTExZTYtOGY4OC0zNDM2M2JjN2M0YzAiOnsiY3JlYXRlIjoxMjAwMDAwMDAwMDAwLCJkZWxldGUiOjEyMDAwMDAwMDAwMDAsInJlYWQiOjYwMDAwMDAwMDAwMCwidXBkYXRlIjoxMjAwMDAwMDAwMDAwfX0="
        },
        {
          "index_key": "storage.googleapis.com",
          "schema_version": 0,
          "attributes": {
            "disable_dependent_services": null,
            "disable_on_destroy": false,
            "id": "pcs-helio/storage.googleapis.com",
            "project": "pcs-helio",
            "service": "storage.googleapis.com",
            "timeouts": null
          },
          "sensitive_attributes": [],
          "identity_schema_version": 0,
          "private": "eyJlMmJmYjczMC1lY2FhLTExZTYtOGY4OC0zNDM2M2JjN2M0YzAiOnsiY3JlYXRlIjoxMjAwMDAwMDAwMDAwLCJkZWxldGUiOjEyMDAwMDAwMDAwMDAsInJlYWQiOjYwMDAwMDAwMDAwMCwidXBkYXRlIjoxMjAwMDAwMDAwMDAwfX0="
        }
      ]
    },
    {
      "mode": "managed",
      "type": "google_storage_bucket",
      "name": "terraform_state",
      "provider": "provider[\"registry.terraform.io/hashicorp/google\"]",
      "instances": [
        {
          "schema_version": 2,
          "attributes": {
            "autoclass": [],
            "cors": [],
            "custom_placement_config": [],
            "default_event_based_hold": false,
            "effective_labels": {
              "environment": "production",
              "managed_by": "terraform",
              "purpose": "terraform-state",
              "team": "kec-biomaterials"
            },
            "enable_object_retention": false,
            "encryption": [],
            "force_destroy": false,
            "id": "darwin-terraform-state-bucket",
            "labels": {
              "environment": "production",
              "managed_by": "terraform",
              "purpose": "terraform-state",
              "team": "kec-biomaterials"
            },
            "lifecycle_rule": [
              {
                "action": [
                  {
                    "storage_class": "",
                    "type": "Delete"
                  }
                ],
                "condition": [
                  {
                    "age": 90,
                    "created_before": "",
                    "custom_time_before": "",
                    "days_since_custom_time": 0,
                    "days_since_noncurrent_time": 0,
                    "matches_prefix": [],
                    "matches_storage_class": [],
                    "matches_suffix": [],
                    "no_age": false,
                    "noncurrent_time_before": "",
                    "num_newer_versions": 0,
                    "send_age_if_zero": true,
                    "send_days_since_custom_time_if_zero": false,
                    "send_days_since_noncurrent_time_if_zero": false,
                    "send_num_newer_versions_if_zero": false,
                    "with_state": "ANY"
                  }
                ]
              },
              {
                "action": [
                  {
                    "storage_class": "",
                    "type": "Delete"
                  }
                ],
                "condition": [
                  {
                    "age": 0,
                    "created_before": "",
                    "custom_time_before": "",
                    "days_since_custom_time": 0,
                    "days_since_noncurrent_time": 0,
                    "matches_prefix": [],
                    "matches_storage_class": [],
                    "matches_suffix": [],
                    "no_age": false,
                    "noncurrent_time_before": "",
                    "num_newer_versions": 10,
                    "send_age_if_zero": true,
                    "send_days_since_custom_time_if_zero": false,
                    "send_days_since_noncurrent_time_if_zero": false,
                    "send_num_newer_versions_if_zero": false,
                    "with_state": "ANY"
                  }
                ]
              }
            ],
            "location": "US",
            "logging": [],
            "name": "darwin-terraform-state-bucket",
            "project": "pcs-helio",
            "project_number": 862291807500,
            "public_access_prevention": "inherited",
            "requester_pays": false,
            "retention_policy": [
              {
                "is_locked": false,
                "retention_period": 2592000
              }
            ],
            "rpo": "DEFAULT",
            "self_link": "https://www.googleapis.com/storage/v1/b/darwin-terraform-state-bucket",
            "soft_delete_policy": [
              {
                "effective_time": "2025-09-22T17:28:48.322Z",
                "retention_duration_seconds": 604800
              }
            ],
            "storage_class": "STANDARD",
            "terraform_labels": {
              "environment": "production",
              "managed_by": "terraform",
              "purpose": "terraform-state",
              "team": "kec-biomaterials"
            },
            "timeouts": null,
            "uniform_bucket_level_access": true,
            "url": "gs://darwin-terraform-state-bucket",
            "versioning": [
              {
                "enabled": true
              }
            ],
            "website": []
          },
          "sensitive_attributes": [],
          "identity_schema_version": 0,
          "private": "eyJlMmJmYjczMC1lY2FhLTExZTYtOGY4OC0zNDM2M2JjN2M0YzAiOnsiY3JlYXRlIjo2MDAwMDAwMDAwMDAsInJlYWQiOjI0MDAwMDAwMDAwMCwidXBkYXRlIjoyNDAwMDAwMDAwMDB9LCJzY2hlbWFfdmVyc2lvbiI6IjIifQ=="
        }
      ]
    },
    {
      "mode": "managed",
      "type": "google_storage_bucket",
      "name": "terraform_state_backup",
      "provider": "provider[\"registry.terraform.io/hashicorp/google\"]",
      "instances": [
        {
          "index_key": 0,
          "schema_version": 2,
          "attributes": {
            "autoclass": [],
            "cors": [],
            "custom_placement_config": [],
            "default_event_based_hold": false,
            "effective_labels": {
              "environment": "production",
              "managed_by": "terraform",
              "purpose": "terraform-state-backup",
              "team": "kec-biomaterials"
            },
            "enable_object_retention": false,
            "encryption": [],
            "force_destroy": false,
            "id": "darwin-terraform-state-backup-production",
            "labels": {
              "environment": "production",
              "managed_by": "terraform",
              "purpose": "terraform-state-backup",
              "team": "kec-biomaterials"
            },
            "lifecycle_rule": [],
            "location": "US",
            "logging": [],
            "name": "darwin-terraform-state-backup-production",
            "project": "pcs-helio",
            "project_number": 862291807500,
            "public_access_prevention": "inherited",
            "requester_pays": false,
            "retention_policy": [],
            "rpo": "DEFAULT",
            "self_link": "https://www.googleapis.com/storage/v1/b/darwin-terraform-state-backup-production",
            "soft_delete_policy": [
              {
                "effective_time": "2025-09-22T17:29:02.157Z",
                "retention_duration_seconds": 604800
              }
            ],
            "storage_class": "STANDARD",
            "terraform_labels": {
              "environment": "production",
              "managed_by": "terraform",
              "purpose": "terraform-state-backup",
              "team": "kec-biomaterials"
            },
            "timeouts": null,
            "uniform_bucket_level_access": true,
            "url": "gs://darwin-terraform-state-backup-production",
            "versioning": [
              {
                "enabled": true
              }
            ],
            "website": []
          },
          "sensitive_attributes": [],
          "identity_schema_version": 0,
          "private": "eyJlMmJmYjczMC1lY2FhLTExZTYtOGY4OC0zNDM2M2JjN2M0YzAiOnsiY3JlYXRlIjo2MDAwMDAwMDAwMDAsInJlYWQiOjI0MDAwMDAwMDAwMCwidXBkYXRlIjoyNDAwMDAwMDAwMDB9LCJzY2hlbWFfdmVyc2lvbiI6IjIifQ=="
        }
      ]
    },
    {
      "mode": "managed",
      "type": "google_storage_bucket_iam_binding",
      "name": "terraform_state_admin",
      "provider": "provider[\"registry.terraform.io/hashicorp/google\"]",
      "instances": [
        {
          "schema_version": 0,
          "attributes": {
            "bucket": "b/darwin-terraform-state-bucket",
            "condition": [],
            "etag": "CAI=",
            "id": "b/darwin-terraform-state-bucket/roles/storage.admin",
            "members": [
              "serviceAccount:pcs-helio@appspot.gserviceaccount.com"
            ],
            "role": "roles/storage.admin"
          },
          "sensitive_attributes": [],
          "identity_schema_version": 0,
          "private": "bnVsbA==",
          "dependencies": [
            "google_storage_bucket.terraform_state"
          ]
        }
      ]
    },
    {
      "mode": "managed",
      "type": "google_storage_bucket_object",
      "name": "terraform_lock_info",
      "provider": "provider[\"registry.terraform.io/hashicorp/google\"]",
      "instances": [
        {
          "schema_version": 0,
          "attributes": {
            "bucket": "darwin-terraform-state-bucket",
            "cache_control": "",
            "content": "{\"created_at\":\"2025-09-23T17:13:47Z\",\"created_by\":\"terraform\",\"environment\":\"production\",\"purpose\":\"state_locking_info\"}",
            "content_disposition": "",
            "content_encoding": "",
            "content_language": "",
            "content_type": "text/plain; charset=utf-8",
            "crc32c": "q9xTyg==",
            "customer_encryption": [],
            "detect_md5hash": "rfZeL0ObF1X7Ap4/SlYzZA==",
            "event_based_hold": false,
            "generation": 1758647627474014,
            "id": "darwin-terraform-state-bucket-terraform.lock.info",
            "kms_key_name": "",
            "md5hash": "rfZeL0ObF1X7Ap4/SlYzZA==",
            "media_link": "https://storage.googleapis.com/download/storage/v1/b/darwin-terraform-state-bucket/o/terraform.lock.info?generation=1758647627474014\u0026alt=media",
            "metadata": {
              "environment": "production",
              "purpose": "terraform-lock"
            },
            "name": "terraform.lock.info",
            "output_name": "terraform.lock.info",
            "retention": [],
            "self_link": "https://www.googleapis.com/storage/v1/b/darwin-terraform-state-bucket/o/terraform.lock.info",
            "source": null,
            "storage_class": "STANDARD",
            "temporary_hold": false,
            "timeouts": null
          },
          "sensitive_attributes": [
            [
              {
                "type": "get_attr",
                "value": "content"
              }
            ]
          ],
          "identity_schema_version": 0,
          "private": "eyJlMmJmYjczMC1lY2FhLTExZTYtOGY4OC0zNDM2M2JjN2M0YzAiOnsiY3JlYXRlIjoyNDAwMDAwMDAwMDAsImRlbGV0ZSI6MjQwMDAwMDAwMDAwLCJ1cGRhdGUiOjI0MDAwMDAwMDAwMH19",
          "dependencies": [
            "google_storage_bucket.terraform_state"
          ]
        }
      ]
    },
    {
      "module": "module.backend",
      "mode": "data",
      "type": "google_iam_policy",
      "name": "noauth",
      "provider": "provider[\"registry.terraform.io/hashicorp/google\"]",
      "instances": [
        {
          "schema_version": 0,
          "attributes": {
            "audit_config": null,
            "binding": [
              {
                "condition": [],
                "members": [
                  "allUsers"
                ],
                "role": "roles/run.invoker"
              }
            ],
            "id": "3450855414",
            "policy_data": "{\"bindings\":[{\"members\":[\"allUsers\"],\"role\":\"roles/run.invoker\"}]}"
          },
          "sensitive_attributes": [],
          "identity_schema_version": 0
        }
      ]
    },
    {
      "module": "module.backend",
      "mode": "managed",
      "type": "google_cloud_run_v2_service",
      "name": "backend",
      "provider": "provider[\"registry.terraform.io/hashicorp/google\"]",
      "instances": [
        {
          "status": "tainted",
          "schema_version": 0,
          "attributes": {
            "annotations": null,
            "binary_authorization": [],
            "client": null,
            "client_version": null,
            "conditions": null,
            "create_time": null,
            "creator": null,
            "custom_audiences": null,
            "delete_time": null,
            "description": null,
            "effective_annotations": null,
            "effective_labels": null,
            "etag": null,
            "expire_time": null,
            "generation": null,
            "id": "projects/pcs-helio/locations/us-central1/services/darwin-production-backend",
            "ingress": "INGRESS_TRAFFIC_ALL",
            "labels": null,
            "last_modifier": null,
            "latest_created_revision": null,
            "latest_ready_revision": null,
            "launch_stage": null,
            "location": "us-central1",
            "name": "darwin-production-backend",
            "observed_generation": null,
            "project": "pcs-helio",
            "reconciling": null,
            "template": [
              {
                "annotations": null,
                "containers": [
                  {
                    "args": null,
                    "command": null,
                    "depends_on": null,
                    "env": [
                      {
                        "name": "ENVIRONMENT",
                        "value": "production",
                        "value_source": []
                      },
                      {
                        "name": "PROJECT_ID",
                        "value": "pcs-helio",
                        "value_source": []
                      },
                      {
                        "name": "REGION",
                        "value": "us-central1",
                        "value_source": []
                      },
                      {
                        "name": "DATABASE_URL",
                        "value": "",
                        "value_source": [
                          {
                            "secret_key_ref": [
                              {
                                "secret": "darwin-production-database-url",
                                "version": "latest"
                              }
                            ]
                          }
                        ]
                      },
                      {
                        "name": "REDIS_URL",
                        "value": "",
                        "value_source": [
                          {
                            "secret_key_ref": [
                              {
                                "secret": "darwin-production-redis-url",
                                "version": "latest"
                              }
                            ]
                          }
                        ]
                      },
                      {
                        "name": "JWT_SECRET",
                        "value": "",
                        "value_source": [
                          {
                            "secret_key_ref": [
                              {
                                "secret": "darwin-production-jwt-secret",
                                "version": "latest"
                              }
                            ]
                          }
                        ]
                      },
                      {
                        "name": "UPLOADS_BUCKET",
                        "value": "darwin-production-uploads",
                        "value_source": []
                      },
                      {
                        "name": "DOCUMENTS_BUCKET",
                        "value": "darwin-production-documents",
                        "value_source": []
                      },
                      {
                        "name": "MODELS_BUCKET",
                        "value": "darwin-production-models",
                        "value_source": []
                      },
                      {
                        "name": "BACKUPS_BUCKET",
                        "value": "darwin-production-backups",
                        "value_source": []
                      },
                      {
                        "name": "MAX_WORKERS",
                        "value": "4",
                        "value_source": []
                      },
                      {
                        "name": "WORKER_TIMEOUT",
                        "value": "30",
                        "value_source": []
                      }
                    ],
                    "image": "gcr.io/pcs-helio/darwin-backend:fixed2",
                    "liveness_probe": [],
                    "name": "backend",
                    "ports": [
                      {
                        "container_port": 8080,
                        "name": "http1"
                      }
                    ],
                    "resources": [
                      {
                        "cpu_idle": true,
                        "limits": {
                          "cpu": "2000m",
                          "memory": "4Gi"
                        },
                        "startup_cpu_boost": true
                      }
                    ],
                    "startup_probe": [
                      {
                        "failure_threshold": 5,
                        "grpc": [],
                        "http_get": [
                          {
                            "http_headers": [],
                            "path": "/health",
                            "port": 8080
                          }
                        ],
                        "initial_delay_seconds": 10,
                        "period_seconds": 10,
                        "tcp_socket": [],
                        "timeout_seconds": 5
                      }
                    ],
                    "volume_mounts": [],
                    "working_dir": ""
                  }
                ],
                "encryption_key": "",
                "execution_environment": "EXECUTION_ENVIRONMENT_GEN2",
                "labels": {
                  "cost_center": "research",
                  "environment": "production",
                  "managed_by": "terraform",
                  "project": "darwin",
                  "team": "kec-biomaterials"
                },
                "max_instance_request_concurrency": 0,
                "revision": "",
                "scaling": [
                  {
                    "max_instance_count": 20,
                    "min_instance_count": 2
                  }
                ],
                "service_account": "darwin-production-backend-sa@pcs-helio.iam.gserviceaccount.com",
                "session_affinity": false,
                "timeout": "300s",
                "volumes": [],
                "vpc_access": [
                  {
                    "connector": "projects/pcs-helio/locations/us-central1/connectors/darwin-production-conn",
                    "egress": "PRIVATE_RANGES_ONLY",
                    "network_interfaces": []
                  }
                ]
              }
            ],
            "terminal_condition": null,
            "terraform_labels": null,
            "timeouts": null,
            "traffic": [
              {
                "percent": 100,
                "revision": "",
                "tag": "",
                "type": "TRAFFIC_TARGET_ALLOCATION_TYPE_LATEST"
              }
            ],
            "traffic_statuses": null,
            "uid": null,
            "update_time": null,
            "uri": null
          },
          "sensitive_attributes": [],
          "identity_schema_version": 0,
          "private": "eyJlMmJmYjczMC1lY2FhLTExZTYtOGY4OC0zNDM2M2JjN2M0YzAiOnsiY3JlYXRlIjoxMjAwMDAwMDAwMDAwLCJkZWxldGUiOjEyMDAwMDAwMDAwMDAsInVwZGF0ZSI6MTIwMDAwMDAwMDAwMH19",
          "dependencies": [
            "module.backend.google_redis_instance.main",
            "module.backend.google_secret_manager_secret.database_url",
            "module.backend.google_secret_manager_secret.jwt_secret",
            "module.backend.google_secret_manager_secret.redis_url",
            "module.backend.google_secret_manager_secret_version.database_url",
            "module.backend.google_secret_manager_secret_version.jwt_secret",
            "module.backend.google_secret_manager_secret_version.redis_url",
            "module.backend.google_service_account.backend",
            "module.backend.google_sql_database.main",
            "module.backend.google_sql_database_instance.main",
            "module.backend.google_sql_user.backend_user",
            "module.backend.google_storage_bucket.buckets",
            "module.backend.random_id.database_user_suffix",
            "module.backend.random_password.database_password",
            "module.backend.random_password.jwt_secret",
            "module.networking.google_compute_firewall.allow_database",
            "module.networking.google_compute_firewall.allow_health_check",
            "module.networking.google_compute_firewall.allow_http",
            "module.networking.google_compute_firewall.allow_https",
            "module.networking.google_compute_firewall.allow_redis",
            "module.networking.google_compute_firewall.allow_ssh",
            "module.networking.google_compute_firewall.deny_all",
            "module.networking.google_compute_global_address.main",
            "module.networking.google_compute_global_address.private_service_access",
            "module.networking.google_compute_global_forwarding_rule.http",
            "module.networking.google_compute_health_check.backend",
            "module.networking.google_compute_health_check.frontend",
            "module.networking.google_compute_managed_ssl_certificate.main",
            "module.networking.google_compute_network.main",
            "module.networking.google_compute_router.main",
            "module.networking.google_compute_router_nat.main",
            "module.networking.google_compute_subnetwork.main",
            "module.networking.google_compute_target_http_proxy.https_redirect",
            "module.networking.google_compute_url_map.https_redirect",
            "module.networking.google_service_networking_connection.private_service_access",
            "module.networking.google_vpc_access_connector.main"
          ]
        }
      ]
    },
    {
      "module": "module.backend",
      "mode": "managed",
      "type": "google_project_iam_member",
      "name": "backend_roles",
      "provider": "provider[\"registry.terraform.io/hashicorp/google\"]",
      "instances": [
        {
          "index_key": "roles/aiplatform.user",
          "schema_version": 0,
          "attributes": {
            "condition": [],
            "etag": "BwY/d3VCyvU=",
            "id": "pcs-helio/roles/aiplatform.user/serviceAccount:darwin-production-backend-sa@pcs-helio.iam.gserviceaccount.com",
            "member": "serviceAccount:darwin-production-backend-sa@pcs-helio.iam.gserviceaccount.com",
            "project": "pcs-helio",
            "role": "roles/aiplatform.user"
          },
          "sensitive_attributes": [],
          "identity_schema_version": 0,
          "private": "bnVsbA==",
          "dependencies": [
            "module.backend.google_service_account.backend",
            "module.networking.google_compute_firewall.allow_database",
            "module.networking.google_compute_firewall.allow_health_check",
            "module.networking.google_compute_firewall.allow_http",
            "module.networking.google_compute_firewall.allow_https",
            "module.networking.google_compute_firewall.allow_redis",
            "module.networking.google_compute_firewall.allow_ssh",
            "module.networking.google_compute_firewall.deny_all",
            "module.networking.google_compute_global_address.main",
            "module.networking.google_compute_global_address.private_service_access",
            "module.networking.google_compute_global_forwarding_rule.http",
            "module.networking.google_compute_health_check.backend",
            "module.networking.google_compute_health_check.frontend",
            "module.networking.google_compute_managed_ssl_certificate.main",
            "module.networking.google_compute_network.main",
            "module.networking.google_compute_router.main",
            "module.networking.google_compute_router_nat.main",
            "module.networking.google_compute_subnetwork.main",
            "module.networking.google_compute_target_http_proxy.https_redirect",
            "module.networking.google_compute_url_map.https_redirect",
            "module.networking.google_service_networking_connection.private_service_access",
            "module.networking.google_vpc_access_connector.main"
          ]
        },
        {
          "index_key": "roles/clouddebugger.agent",
          "schema_version": 0,
          "attributes": {
            "condition": [],
            "etag": "BwY/d3VCyvU=",
            "id": "pcs-helio/roles/clouddebugger.agent/serviceAccount:darwin-production-backend-sa@pcs-helio.iam.gserviceaccount.com",
            "member": "serviceAccount:darwin-production-backend-sa@pcs-helio.iam.gserviceaccount.com",
            "project": "pcs-helio",
            "role": "roles/clouddebugger.agent"
          },
          "sensitive_attributes": [],
          "identity_schema_version": 0,
          "private": "bnVsbA==",
          "dependencies": [
            "module.backend.google_service_account.backend",
            "module.networking.google_compute_firewall.allow_database",
            "module.networking.google_compute_firewall.allow_health_check",
            "module.networking.google_compute_firewall.allow_http",
            "module.networking.google_compute_firewall.allow_https",
            "module.networking.google_compute_firewall.allow_redis",
            "module.networking.google_compute_firewall.allow_ssh",
            "module.networking.google_compute_firewall.deny_all",
            "module.networking.google_compute_global_address.main",
            "module.networking.google_compute_global_address.private_service_access",
            "module.networking.google_compute_global_forwarding_rule.http",
            "module.networking.google_compute_health_check.backend",
            "module.networking.google_compute_health_check.frontend",
            "module.networking.google_compute_managed_ssl_certificate.main",
            "module.networking.google_compute_network.main",
            "module.networking.google_compute_router.main",
            "module.networking.google_compute_router_nat.main",
            "module.networking.google_compute_subnetwork.main",
            "module.networking.google_compute_target_http_proxy.https_redirect",
            "module.networking.google_compute_url_map.https_redirect",
            "module.networking.google_service_networking_connection.private_service_access",
            "module.networking.google_vpc_access_connector.main"
          ]
        },
        {
          "index_key": "roles/cloudprofiler.agent",
          "schema_version": 0,
          "attributes": {
            "condition": [],
            "etag": "BwY/d3VCyvU=",
            "id": "pcs-helio/roles/cloudprofiler.agent/serviceAccount:darwin-production-backend-sa@pcs-helio.iam.gserviceaccount.com",
            "member": "serviceAccount:darwin-production-backend-sa@pcs-helio.iam.gserviceaccount.com",
            "project": "pcs-helio",
            "role": "roles/cloudprofiler.agent"
          },
          "sensitive_attributes": [],
          "identity_schema_version": 0,
          "private": "bnVsbA==",
          "dependencies": [
            "module.backend.google_service_account.backend",
            "module.networking.google_compute_firewall.allow_database",
            "module.networking.google_compute_firewall.allow_health_check",
            "module.networking.google_compute_firewall.allow_http",
            "module.networking.google_compute_firewall.allow_https",
            "module.networking.google_compute_firewall.allow_redis",
            "module.networking.google_compute_firewall.allow_ssh",
            "module.networking.google_compute_firewall.deny_all",
            "module.networking.google_compute_global_address.main",
            "module.networking.google_compute_global_address.private_service_access",
            "module.networking.google_compute_global_forwarding_rule.http",
            "module.networking.google_compute_health_check.backend",
            "module.networking.google_compute_health_check.frontend",
            "module.networking.google_compute_managed_ssl_certificate.main",
            "module.networking.google_compute_network.main",
            "module.networking.google_compute_router.main",
            "module.networking.google_compute_router_nat.main",
            "module.networking.google_compute_subnetwork.main",
            "module.networking.google_compute_target_http_proxy.https_redirect",
            "module.networking.google_compute_url_map.https_redirect",
            "module.networking.google_service_networking_connection.private_service_access",
            "module.networking.google_vpc_access_connector.main"
          ]
        },
        {
          "index_key": "roles/cloudsql.client",
          "schema_version": 0,
          "attributes": {
            "condition": [],
            "etag": "BwY/d3VCyvU=",
            "id": "pcs-helio/roles/cloudsql.client/serviceAccount:darwin-production-backend-sa@pcs-helio.iam.gserviceaccount.com",
            "member": "serviceAccount:darwin-production-backend-sa@pcs-helio.iam.gserviceaccount.com",
            "project": "pcs-helio",
            "role": "roles/cloudsql.client"
          },
          "sensitive_attributes": [],
          "identity_schema_version": 0,
          "private": "bnVsbA==",
          "dependencies": [
            "module.backend.google_service_account.backend",
            "module.networking.google_compute_firewall.allow_database",
            "module.networking.google_compute_firewall.allow_health_check",
            "module.networking.google_compute_firewall.allow_http",
            "module.networking.google_compute_firewall.allow_https",
            "module.networking.google_compute_firewall.allow_redis",
            "module.networking.google_compute_firewall.allow_ssh",
            "module.networking.google_compute_firewall.deny_all",
            "module.networking.google_compute_global_address.main",
            "module.networking.google_compute_global_address.private_service_access",
            "module.networking.google_compute_global_forwarding_rule.http",
            "module.networking.google_compute_health_check.backend",
            "module.networking.google_compute_health_check.frontend",
            "module.networking.google_compute_managed_ssl_certificate.main",
            "module.networking.google_compute_network.main",
            "module.networking.google_compute_router.main",
            "module.networking.google_compute_router_nat.main",
            "module.networking.google_compute_subnetwork.main",
            "module.networking.google_compute_target_http_proxy.https_redirect",
            "module.networking.google_compute_url_map.https_redirect",
            "module.networking.google_service_networking_connection.private_service_access",
            "module.networking.google_vpc_access_connector.main"
          ]
        },
        {
          "index_key": "roles/cloudtrace.agent",
          "schema_version": 0,
          "attributes": {
            "condition": [],
            "etag": "BwY/d3VCyvU=",
            "id": "pcs-helio/roles/cloudtrace.agent/serviceAccount:darwin-production-backend-sa@pcs-helio.iam.gserviceaccount.com",
            "member": "serviceAccount:darwin-production-backend-sa@pcs-helio.iam.gserviceaccount.com",
            "project": "pcs-helio",
            "role": "roles/cloudtrace.agent"
          },
          "sensitive_attributes": [],
          "identity_schema_version": 0,
          "private": "bnVsbA==",
          "dependencies": [
            "module.backend.google_service_account.backend",
            "module.networking.google_compute_firewall.allow_database",
            "module.networking.google_compute_firewall.allow_health_check",
            "module.networking.google_compute_firewall.allow_http",
            "module.networking.google_compute_firewall.allow_https",
            "module.networking.google_compute_firewall.allow_redis",
            "module.networking.google_compute_firewall.allow_ssh",
            "module.networking.google_compute_firewall.deny_all",
            "module.networking.google_compute_global_address.main",
            "module.networking.google_compute_global_address.private_service_access",
            "module.networking.google_compute_global_forwarding_rule.http",
            "module.networking.google_compute_health_check.backend",
            "module.networking.google_compute_health_check.frontend",
            "module.networking.google_compute_managed_ssl_certificate.main",
            "module.networking.google_compute_network.main",
            "module.networking.google_compute_router.main",
            "module.networking.google_compute_router_nat.main",
            "module.networking.google_compute_subnetwork.main",
            "module.networking.google_compute_target_http_proxy.https_redirect",
            "module.networking.google_compute_url_map.https_redirect",
            "module.networking.google_service_networking_connection.private_service_access",
            "module.networking.google_vpc_access_connector.main"
          ]
        },
        {
          "index_key": "roles/logging.logWriter",
          "schema_version": 0,
          "attributes": {
            "condition": [],
            "etag": "BwY/d3VCyvU=",
            "id": "pcs-helio/roles/logging.logWriter/serviceAccount:darwin-production-backend-sa@pcs-helio.iam.gserviceaccount.com",
            "member": "serviceAccount:darwin-production-backend-sa@pcs-helio.iam.gserviceaccount.com",
            "project": "pcs-helio",
            "role": "roles/logging.logWriter"
          },
          "sensitive_attributes": [],
          "identity_schema_version": 0,
          "private": "bnVsbA==",
          "dependencies": [
            "module.backend.google_service_account.backend",
            "module.networking.google_compute_firewall.allow_database",
            "module.networking.google_compute_firewall.allow_health_check",
            "module.networking.google_compute_firewall.allow_http",
            "module.networking.google_compute_firewall.allow_https",
            "module.networking.google_compute_firewall.allow_redis",
            "module.networking.google_compute_firewall.allow_ssh",
            "module.networking.google_compute_firewall.deny_all",
            "module.networking.google_compute_global_address.main",
            "module.networking.google_compute_global_address.private_service_access",
            "module.networking.google_compute_global_forwarding_rule.http",
            "module.networking.google_compute_health_check.backend",
            "module.networking.google_compute_health_check.frontend",
            "module.networking.google_compute_managed_ssl_certificate.main",
            "module.networking.google_compute_network.main",
            "module.networking.google_compute_router.main",
            "module.networking.google_compute_router_nat.main",
            "module.networking.google_compute_subnetwork.main",
            "module.networking.google_compute_target_http_proxy.https_redirect",
            "module.networking.google_compute_url_map.https_redirect",
            "module.networking.google_service_networking_connection.private_service_access",
            "module.networking.google_vpc_access_connector.main"
          ]
        },
        {
          "index_key": "roles/monitoring.metricWriter",
          "schema_version": 0,
          "attributes": {
            "condition": [],
            "etag": "BwY/d3VCyvU=",
            "id": "pcs-helio/roles/monitoring.metricWriter/serviceAccount:darwin-production-backend-sa@pcs-helio.iam.gserviceaccount.com",
            "member": "serviceAccount:darwin-production-backend-sa@pcs-helio.iam.gserviceaccount.com",
            "project": "pcs-helio",
            "role": "roles/monitoring.metricWriter"
          },
          "sensitive_attributes": [],
          "identity_schema_version": 0,
          "private": "bnVsbA==",
          "dependencies": [
            "module.backend.google_service_account.backend",
            "module.networking.google_compute_firewall.allow_database",
            "module.networking.google_compute_firewall.allow_health_check",
            "module.networking.google_compute_firewall.allow_http",
            "module.networking.google_compute_firewall.allow_https",
            "module.networking.google_compute_firewall.allow_redis",
            "module.networking.google_compute_firewall.allow_ssh",
            "module.networking.google_compute_firewall.deny_all",
            "module.networking.google_compute_global_address.main",
            "module.networking.google_compute_global_address.private_service_access",
            "module.networking.google_compute_global_forwarding_rule.http",
            "module.networking.google_compute_health_check.backend",
            "module.networking.google_compute_health_check.frontend",
            "module.networking.google_compute_managed_ssl_certificate.main",
            "module.networking.google_compute_network.main",
            "module.networking.google_compute_router.main",
            "module.networking.google_compute_router_nat.main",
            "module.networking.google_compute_subnetwork.main",
            "module.networking.google_compute_target_http_proxy.https_redirect",
            "module.networking.google_compute_url_map.https_redirect",
            "module.networking.google_service_networking_connection.private_service_access",
            "module.networking.google_vpc_access_connector.main"
          ]
        },
        {
          "index_key": "roles/redis.editor",
          "schema_version": 0,
          "attributes": {
            "condition": [],
            "etag": "BwY/d3VCyvU=",
            "id": "pcs-helio/roles/redis.editor/serviceAccount:darwin-production-backend-sa@pcs-helio.iam.gserviceaccount.com",
            "member": "serviceAccount:darwin-production-backend-sa@pcs-helio.iam.gserviceaccount.com",
            "project": "pcs-helio",
            "role": "roles/redis.editor"
          },
          "sensitive_attributes": [],
          "identity_schema_version": 0,
          "private": "bnVsbA==",
          "dependencies": [
            "module.backend.google_service_account.backend",
            "module.networking.google_compute_firewall.allow_database",
            "module.networking.google_compute_firewall.allow_health_check",
            "module.networking.google_compute_firewall.allow_http",
            "module.networking.google_compute_firewall.allow_https",
            "module.networking.google_compute_firewall.allow_redis",
            "module.networking.google_compute_firewall.allow_ssh",
            "module.networking.google_compute_firewall.deny_all",
            "module.networking.google_compute_global_address.main",
            "module.networking.google_compute_global_address.private_service_access",
            "module.networking.google_compute_global_forwarding_rule.http",
            "module.networking.google_compute_health_check.backend",
            "module.networking.google_compute_health_check.frontend",
            "module.networking.google_compute_managed_ssl_certificate.main",
            "module.networking.google_compute_network.main",
            "module.networking.google_compute_router.main",
            "module.networking.google_compute_router_nat.main",
            "module.networking.google_compute_subnetwork.main",
            "module.networking.google_compute_target_http_proxy.https_redirect",
            "module.networking.google_compute_url_map.https_redirect",
            "module.networking.google_service_networking_connection.private_service_access",
            "module.networking.google_vpc_access_connector.main"
          ]
        },
        {
          "index_key": "roles/secretmanager.secretAccessor",
          "schema_version": 0,
          "attributes": {
            "condition": [],
            "etag": "BwY/d3VCyvU=",
            "id": "pcs-helio/roles/secretmanager.secretAccessor/serviceAccount:darwin-production-backend-sa@pcs-helio.iam.gserviceaccount.com",
            "member": "serviceAccount:darwin-production-backend-sa@pcs-helio.iam.gserviceaccount.com",
            "project": "pcs-helio",
            "role": "roles/secretmanager.secretAccessor"
          },
          "sensitive_attributes": [],
          "identity_schema_version": 0,
          "private": "bnVsbA==",
          "dependencies": [
            "module.backend.google_service_account.backend",
            "module.networking.google_compute_firewall.allow_database",
            "module.networking.google_compute_firewall.allow_health_check",
            "module.networking.google_compute_firewall.allow_http",
            "module.networking.google_compute_firewall.allow_https",
            "module.networking.google_compute_firewall.allow_redis",
            "module.networking.google_compute_firewall.allow_ssh",
            "module.networking.google_compute_firewall.deny_all",
            "module.networking.google_compute_global_address.main",
            "module.networking.google_compute_global_address.private_service_access",
            "module.networking.google_compute_global_forwarding_rule.http",
            "module.networking.google_compute_health_check.backend",
            "module.networking.google_compute_health_check.frontend",
            "module.networking.google_compute_managed_ssl_certificate.main",
            "module.networking.google_compute_network.main",
            "module.networking.google_compute_router.main",
            "module.networking.google_compute_router_nat.main",
            "module.networking.google_compute_subnetwork.main",
            "module.networking.google_compute_target_http_proxy.https_redirect",
            "module.networking.google_compute_url_map.https_redirect",
            "module.networking.google_service_networking_connection.private_service_access",
            "module.networking.google_vpc_access_connector.main"
          ]
        },
        {
          "index_key": "roles/storage.objectAdmin",
          "schema_version": 0,
          "attributes": {
            "condition": [],
            "etag": "BwY/d3VCyvU=",
            "id": "pcs-helio/roles/storage.objectAdmin/serviceAccount:darwin-production-backend-sa@pcs-helio.iam.gserviceaccount.com",
            "member": "serviceAccount:darwin-production-backend-sa@pcs-helio.iam.gserviceaccount.com",
            "project": "pcs-helio",
            "role": "roles/storage.objectAdmin"
          },
          "sensitive_attributes": [],
          "identity_schema_version": 0,
          "private": "bnVsbA==",
          "dependencies": [
            "module.backend.google_service_account.backend",
            "module.networking.google_compute_firewall.allow_database",
            "module.networking.google_compute_firewall.allow_health_check",
            "module.networking.google_compute_firewall.allow_http",
            "module.networking.google_compute_firewall.allow_https",
            "module.networking.google_compute_firewall.allow_redis",
            "module.networking.google_compute_firewall.allow_ssh",
            "module.networking.google_compute_firewall.deny_all",
            "module.networking.google_compute_global_address.main",
            "module.networking.google_compute_global_address.private_service_access",
            "module.networking.google_compute_global_forwarding_rule.http",
            "module.networking.google_compute_health_check.backend",
            "module.networking.google_compute_health_check.frontend",
            "module.networking.google_compute_managed_ssl_certificate.main",
            "module.networking.google_compute_network.main",
            "module.networking.google_compute_router.main",
            "module.networking.google_compute_router_nat.main",
            "module.networking.google_compute_subnetwork.main",
            "module.networking.google_compute_target_http_proxy.https_redirect",
            "module.networking.google_compute_url_map.https_redirect",
            "module.networking.google_service_networking_connection.private_service_access",
            "module.networking.google_vpc_access_connector.main"
          ]
        }
      ]
    },
    {
      "module": "module.backend",
      "mode": "managed",
      "type": "google_project_iam_member",
      "name": "vpc_access_user",
      "provider": "provider[\"registry.terraform.io/hashicorp/google\"]",
      "instances": [
        {
          "schema_version": 0,
          "attributes": {
            "condition": [],
            "etag": "BwY/d3VCyvU=",
            "id": "pcs-helio/roles/vpcaccess.user/serviceAccount:darwin-production-backend-sa@pcs-helio.iam.gserviceaccount.com",
            "member": "serviceAccount:darwin-production-backend-sa@pcs-helio.iam.gserviceaccount.com",
            "project": "pcs-helio",
            "role": "roles/vpcaccess.user"
          },
          "sensitive_attributes": [],
          "identity_schema_version": 0,
          "private": "bnVsbA==",
          "dependencies": [
            "module.backend.google_service_account.backend",
            "module.networking.google_compute_firewall.allow_database",
            "module.networking.google_compute_firewall.allow_health_check",
            "module.networking.google_compute_firewall.allow_http",
            "module.networking.google_compute_firewall.allow_https",
            "module.networking.google_compute_firewall.allow_redis",
            "module.networking.google_compute_firewall.allow_ssh",
            "module.networking.google_compute_firewall.deny_all",
            "module.networking.google_compute_global_address.main",
            "module.networking.google_compute_global_address.private_service_access",
            "module.networking.google_compute_global_forwarding_rule.http",
            "module.networking.google_compute_health_check.backend",
            "module.networking.google_compute_health_check.frontend",
            "module.networking.google_compute_managed_ssl_certificate.main",
            "module.networking.google_compute_network.main",
            "module.networking.google_compute_router.main",
            "module.networking.google_compute_router_nat.main",
            "module.networking.google_compute_subnetwork.main",
            "module.networking.google_compute_target_http_proxy.https_redirect",
            "module.networking.google_compute_url_map.https_redirect",
            "module.networking.google_service_networking_connection.private_service_access",
            "module.networking.google_vpc_access_connector.main"
          ]
        }
      ]
    },
    {
      "module": "module.backend",
      "mode": "managed",
      "type": "google_redis_instance",
      "name": "main",
      "provider": "provider[\"registry.terraform.io/hashicorp/google\"]",
      "instances": [
        {
          "schema_version": 0,
          "attributes": {
            "alternative_location_id": "",
            "auth_enabled": true,
            "auth_string": "c91f6d4b-d612-47d0-a428-09b651b6ed44",
            "authorized_network": "projects/pcs-helio/global/networks/darwin-production-vpc",
            "connect_mode": "PRIVATE_SERVICE_ACCESS",
            "create_time": "2025-09-22T17:57:44.737685218Z",
            "current_location_id": "us-central1-f",
            "customer_managed_key": "",
            "display_name": "darwin production Redis",
            "effective_labels": {
              "cost_center": "research",
              "environment": "production",
              "managed_by": "terraform",
              "project": "darwin",
              "team": "kec-biomaterials"
            },
            "host": "10.221.0.3",
            "id": "projects/pcs-helio/locations/us-central1/instances/darwin-production-redis",
            "labels": {
              "cost_center": "research",
              "environment": "production",
              "managed_by": "terraform",
              "project": "darwin",
              "team": "kec-biomaterials"
            },
            "location_id": "us-central1-f",
            "maintenance_policy": [
              {
                "create_time": "2025-09-22T17:57:44.513637Z",
                "description": "",
                "update_time": "2025-09-22T17:57:44.513637Z",
                "weekly_maintenance_window": [
                  {
                    "day": "SUNDAY",
                    "duration": "3600s",
                    "start_time": [
                      {
                        "hours": 4,
                        "minutes": 0,
                        "nanos": 0,
                        "seconds": 0
                      }
                    ]
                  }
                ]
              }
            ],
            "maintenance_schedule": [],
            "maintenance_version": "20250806_01_00",
            "memory_size_gb": 2,
            "name": "darwin-production-redis",
            "nodes": [
              {
                "id": "node-0",
                "zone": "us-central1-f"
              }
            ],
            "persistence_config": [
              {
                "persistence_mode": "DISABLED",
                "rdb_next_snapshot_time": "",
                "rdb_snapshot_period": "",
                "rdb_snapshot_start_time": ""
              }
            ],
            "persistence_iam_identity": "serviceAccount:service-862291807500@cloud-redis.iam.gserviceaccount.com",
            "port": 6378,
            "project": "pcs-helio",
            "read_endpoint": "",
            "read_endpoint_port": 0,
            "read_replicas_mode": "READ_REPLICAS_DISABLED",
            "redis_configs": {
              "maxmemory-policy": "allkeys-lru",
              "notify-keyspace-events": "Ex",
              "timeout": "300"
            },
            "redis_version": "REDIS_6_X",
            "region": "us-central1",
            "replica_count": 0,
            "reserved_ip_range": null,
            "secondary_ip_range": "",
            "server_ca_certs": [
              {
                "cert": "-----BEGIN CERTIFICATE-----\nMIID7TCCAtWgAwIBAgIBADANBgkqhkiG9w0BAQsFADCBhTEtMCsGA1UELhMkMzVi\nZDJmNzYtM2VmZC00N2NlLTkzZmItNzYyYTZhMDJkYzA2MTEwLwYDVQQDEyhHb29n\nbGUgQ2xvdWQgTWVtb3J5c3RvcmUgUmVkaXMgU2VydmVyIENBMRQwEgYDVQQKEwtH\nb29nbGUsIEluYzELMAkGA1UEBhMCVVMwHhcNMjUwOTIyMTc1NzAxWhcNMzUwOTIw\nMTc1ODAxWjCBhTEtMCsGA1UELhMkMzViZDJmNzYtM2VmZC00N2NlLTkzZmItNzYy\nYTZhMDJkYzA2MTEwLwYDVQQDEyhHb29nbGUgQ2xvdWQgTWVtb3J5c3RvcmUgUmVk\naXMgU2VydmVyIENBMRQwEgYDVQQKEwtHb29nbGUsIEluYzELMAkGA1UEBhMCVVMw\nggEiMA0GCSqGSIb3DQEBAQUAA4IBDwAwggEKAoIBAQC27ckHiO+F3K/mmIa1iu9P\nI8DQ6GP6abPcyEe53t5BLRh68Z5MkqmVSgeT++LMdnCl5M2ExSLellziRtB9I/Yr\nsivY7FlSQAJawqKB2/U3l0nTBaiqsZWVujNd/LItxgxt7GE0U1qAG1FkMhlIf0ML\nDsvr6ps5tZtHKkgsgD69mSWlLDQyGQIz2jqMdOIS4iq16q3boi16G5WcjYV2wUGh\nHVoytp7u4v6Q00YFzOrw3aIT9m4Fk8OUEUdimwhQwSSIi4oOvjKYwVybsrjm5bce\nJvKEPhCGsrLUbeAR4IzfZIFEzttN/g0GQmNroUZE6qaLmYdRQzphF5eNbf/LrZhx\nAgMBAAGjZjBkMB8GA1UdIwQYMBaAFNy7rWrFR6vFNT5Hx3AAciziWS9rMBIGA1Ud\nEwEB/wQIMAYBAf8CAQAwDgYDVR0PAQH/BAQDAgEGMB0GA1UdDgQWBBTcu61qxUer\nxTU+R8dwAHIs4lkvazANBgkqhkiG9w0BAQsFAAOCAQEAj00ljif4N2X9xxRj7m6t\nPzzwXhUBnnq2TbFSTg3eCxcTnMAiD4RQ9Jq9GvrsLLPdDkbsQQPKe6lzcDPMwZmj\nb+kMNJrEP9LeiFHtwYgw3UxN3dWuMI7BczphyRUnLnjiytcU1q4DWt/8bCSLP0XL\ntjrdbCz54ONKrZHi8X50UUGQ6NUja37JqIT3tpNY57r2u6lq8ekEwOgAEBgGl7rH\nribu++vKJF0AB1qCLmqHn9yr/yms/VVNwBDN+VTBdKGX88afntYpHQAYVdl1v6kM\nFo2TnR1Gh2YQNEh4wW0KwBjEe7jNdKUtC1OOfIdzc6wV8+WBFNHdy1p2nEXJ1GQF\nfg==\n-----END CERTIFICATE-----",
                "create_time": "2025-09-22T17:58:02.143438Z",
                "expire_time": "2035-09-20T17:58:01.925Z",
                "serial_number": "0",
                "sha1_fingerprint": "1bb5e1ab4f6dd587386382af63e994409e6ad71a"
              }
            ],
            "terraform_labels": {
              "cost_center": "research",
              "environment": "production",
              "managed_by": "terraform",
              "project": "darwin",
              "team": "kec-biomaterials"
            },
            "tier": "BASIC",
            "timeouts": null,
            "transit_encryption_mode": "SERVER_AUTHENTICATION"
          },
          "sensitive_attributes": [
            [
              {
                "type": "get_attr",
                "value": "auth_string"
              }
            ]
          ],
          "identity_schema_version": 0,
          "private": "eyJlMmJmYjczMC1lY2FhLTExZTYtOGY4OC0zNDM2M2JjN2M0YzAiOnsiY3JlYXRlIjoxMjAwMDAwMDAwMDAwLCJkZWxldGUiOjEyMDAwMDAwMDAwMDAsInVwZGF0ZSI6MTIwMDAwMDAwMDAwMH19",
          "dependencies": [
            "module.networking.google_compute_firewall.allow_database",
            "module.networking.google_compute_firewall.allow_health_check",
            "module.networking.google_compute_firewall.allow_http",
            "module.networking.google_compute_firewall.allow_https",
            "module.networking.google_compute_firewall.allow_redis",
            "module.networking.google_compute_firewall.allow_ssh",
            "module.networking.google_compute_firewall.deny_all",
            "module.networking.google_compute_global_address.main",
            "module.networking.google_compute_global_address.private_service_access",
            "module.networking.google_compute_global_forwarding_rule.http",
            "module.networking.google_compute_health_check.backend",
            "module.networking.google_compute_health_check.frontend",
            "module.networking.google_compute_managed_ssl_certificate.main",
            "module.networking.google_compute_network.main",
            "module.networking.google_compute_router.main",
            "module.networking.google_compute_router_nat.main",
            "module.networking.google_compute_subnetwork.main",
            "module.networking.google_compute_target_http_proxy.https_redirect",
            "module.networking.google_compute_url_map.https_redirect",
            "module.networking.google_service_networking_connection.private_service_access",
            "module.networking.google_vpc_access_connector.main"
          ]
        }
      ]
    },
    {
      "module": "module.backend",
      "mode": "managed",
      "type": "google_secret_manager_secret",
      "name": "database_url",
      "provider": "provider[\"registry.terraform.io/hashicorp/google\"]",
      "instances": [
        {
          "schema_version": 0,
          "attributes": {
            "annotations": {},
            "create_time": "2025-09-22T17:37:25.327440Z",
            "effective_annotations": {},
            "effective_labels": {
              "cost_center": "research",
              "environment": "production",
              "managed_by": "terraform",
              "project": "darwin",
              "team": "kec-biomaterials"
            },
            "expire_time": "",
            "id": "projects/pcs-helio/secrets/darwin-production-database-url",
            "labels": {
              "cost_center": "research",
              "environment": "production",
              "managed_by": "terraform",
              "project": "darwin",
              "team": "kec-biomaterials"
            },
            "name": "projects/862291807500/secrets/darwin-production-database-url",
            "project": "pcs-helio",
            "replication": [
              {
                "auto": [
                  {
                    "customer_managed_encryption": []
                  }
                ],
                "user_managed": []
              }
            ],
            "rotation": [],
            "secret_id": "darwin-production-database-url",
            "terraform_labels": {
              "cost_center": "research",
              "environment": "production",
              "managed_by": "terraform",
              "project": "darwin",
              "team": "kec-biomaterials"
            },
            "timeouts": null,
            "topics": [],
            "ttl": null,
            "version_aliases": {},
            "version_destroy_ttl": ""
          },
          "sensitive_attributes": [],
          "identity_schema_version": 0,
          "private": "eyJlMmJmYjczMC1lY2FhLTExZTYtOGY4OC0zNDM2M2JjN2M0YzAiOnsiY3JlYXRlIjoxMjAwMDAwMDAwMDAwLCJkZWxldGUiOjEyMDAwMDAwMDAwMDAsInVwZGF0ZSI6MTIwMDAwMDAwMDAwMH19",
          "dependencies": [
            "module.networking.google_compute_firewall.allow_database",
            "module.networking.google_compute_firewall.allow_health_check",
            "module.networking.google_compute_firewall.allow_http",
            "module.networking.google_compute_firewall.allow_https",
            "module.networking.google_compute_firewall.allow_redis",
            "module.networking.google_compute_firewall.allow_ssh",
            "module.networking.google_compute_firewall.deny_all",
            "module.networking.google_compute_global_address.main",
            "module.networking.google_compute_global_address.private_service_access",
            "module.networking.google_compute_global_forwarding_rule.http",
            "module.networking.google_compute_health_check.backend",
            "module.networking.google_compute_health_check.frontend",
            "module.networking.google_compute_managed_ssl_certificate.main",
            "module.networking.google_compute_network.main",
            "module.networking.google_compute_router.main",
            "module.networking.google_compute_router_nat.main",
            "module.networking.google_compute_subnetwork.main",
            "module.networking.google_compute_target_http_proxy.https_redirect",
            "module.networking.google_compute_url_map.https_redirect",
            "module.networking.google_service_networking_connection.private_service_access",
            "module.networking.google_vpc_access_connector.main"
          ]
        }
      ]
    },
    {
      "module": "module.backend",
      "mode": "managed",
      "type": "google_secret_manager_secret",
      "name": "jwt_secret",
      "provider": "provider[\"registry.terraform.io/hashicorp/google\"]",
      "instances": [
        {
          "schema_version": 0,
          "attributes": {
            "annotations": {},
            "create_time": "2025-09-22T17:37:25.503380Z",
            "effective_annotations": {},
            "effective_labels": {
              "cost_center": "research",
              "environment": "production",
              "managed_by": "terraform",
              "project": "darwin",
              "team": "kec-biomaterials"
            },
            "expire_time": "",
            "id": "projects/pcs-helio/secrets/darwin-production-jwt-secret",
            "labels": {
              "cost_center": "research",
              "environment": "production",
              "managed_by": "terraform",
              "project": "darwin",
              "team": "kec-biomaterials"
            },
            "name": "projects/862291807500/secrets/darwin-production-jwt-secret",
            "project": "pcs-helio",
            "replication": [
              {
                "auto": [
                  {
                    "customer_managed_encryption": []
                  }
                ],
                "user_managed": []
              }
            ],
            "rotation": [],
            "secret_id": "darwin-production-jwt-secret",
            "terraform_labels": {
              "cost_center": "research",
              "environment": "production",
              "managed_by": "terraform",
              "project": "darwin",
              "team": "kec-biomaterials"
            },
            "timeouts": null,
            "topics": [],
            "ttl": null,
            "version_aliases": {},
            "version_destroy_ttl": ""
          },
          "sensitive_attributes": [],
          "identity_schema_version": 0,
          "private": "eyJlMmJmYjczMC1lY2FhLTExZTYtOGY4OC0zNDM2M2JjN2M0YzAiOnsiY3JlYXRlIjoxMjAwMDAwMDAwMDAwLCJkZWxldGUiOjEyMDAwMDAwMDAwMDAsInVwZGF0ZSI6MTIwMDAwMDAwMDAwMH19",
          "dependencies": [
            "module.networking.google_compute_firewall.allow_database",
            "module.networking.google_compute_firewall.allow_health_check",
            "module.networking.google_compute_firewall.allow_http",
            "module.networking.google_compute_firewall.allow_https",
            "module.networking.google_compute_firewall.allow_redis",
            "module.networking.google_compute_firewall.allow_ssh",
            "module.networking.google_compute_firewall.deny_all",
            "module.networking.google_compute_global_address.main",
            "module.networking.google_compute_global_address.private_service_access",
            "module.networking.google_compute_global_forwarding_rule.http",
            "module.networking.google_compute_health_check.backend",
            "module.networking.google_compute_health_check.frontend",
            "module.networking.google_compute_managed_ssl_certificate.main",
            "module.networking.google_compute_network.main",
            "module.networking.google_compute_router.main",
            "module.networking.google_compute_router_nat.main",
            "module.networking.google_compute_subnetwork.main",
            "module.networking.google_compute_target_http_proxy.https_redirect",
            "module.networking.google_compute_url_map.https_redirect",
            "module.networking.google_service_networking_connection.private_service_access",
            "module.networking.google_vpc_access_connector.main"
          ]
        }
      ]
    },
    {
      "module": "module.backend",
      "mode": "managed",
      "type": "google_secret_manager_secret",
      "name": "redis_url",
      "provider": "provider[\"registry.terraform.io/hashicorp/google\"]",
      "instances": [
        {
          "schema_version": 0,
          "attributes": {
            "annotations": {},
            "create_time": "2025-09-22T17:37:25.329248Z",
            "effective_annotations": {},
            "effective_labels": {
              "cost_center": "research",
              "environment": "production",
              "managed_by": "terraform",
              "project": "darwin",
              "team": "kec-biomaterials"
            },
            "expire_time": "",
            "id": "projects/pcs-helio/secrets/darwin-production-redis-url",
            "labels": {
              "cost_center": "research",
              "environment": "production",
              "managed_by": "terraform",
              "project": "darwin",
              "team": "kec-biomaterials"
            },
            "name": "projects/862291807500/secrets/darwin-production-redis-url",
            "project": "pcs-helio",
            "replication": [
              {
                "auto": [
                  {
                    "customer_managed_encryption": []
                  }
                ],
                "user_managed": []
              }
            ],
            "rotation": [],
            "secret_id": "darwin-production-redis-url",
            "terraform_labels": {
              "cost_center": "research",
              "environment": "production",
              "managed_by": "terraform",
              "project": "darwin",
              "team": "kec-biomaterials"
            },
            "timeouts": null,
            "topics": [],
            "ttl": null,
            "version_aliases": {},
            "version_destroy_ttl": ""
          },
          "sensitive_attributes": [],
          "identity_schema_version": 0,
          "private": "eyJlMmJmYjczMC1lY2FhLTExZTYtOGY4OC0zNDM2M2JjN2M0YzAiOnsiY3JlYXRlIjoxMjAwMDAwMDAwMDAwLCJkZWxldGUiOjEyMDAwMDAwMDAwMDAsInVwZGF0ZSI6MTIwMDAwMDAwMDAwMH19",
          "dependencies": [
            "module.networking.google_compute_firewall.allow_database",
            "module.networking.google_compute_firewall.allow_health_check",
            "module.networking.google_compute_firewall.allow_http",
            "module.networking.google_compute_firewall.allow_https",
            "module.networking.google_compute_firewall.allow_redis",
            "module.networking.google_compute_firewall.allow_ssh",
            "module.networking.google_compute_firewall.deny_all",
            "module.networking.google_compute_global_address.main",
            "module.networking.google_compute_global_address.private_service_access",
            "module.networking.google_compute_global_forwarding_rule.http",
            "module.networking.google_compute_health_check.backend",
            "module.networking.google_compute_health_check.frontend",
            "module.networking.google_compute_managed_ssl_certificate.main",
            "module.networking.google_compute_network.main",
            "module.networking.google_compute_router.main",
            "module.networking.google_compute_router_nat.main",
            "module.networking.google_compute_subnetwork.main",
            "module.networking.google_compute_target_http_proxy.https_redirect",
            "module.networking.google_compute_url_map.https_redirect",
            "module.networking.google_service_networking_connection.private_service_access",
            "module.networking.google_vpc_access_connector.main"
          ]
        }
      ]
    },
    {
      "module": "module.backend",
      "mode": "managed",
      "type": "google_secret_manager_secret_version",
      "name": "database_url",
      "provider": "provider[\"registry.terraform.io/hashicorp/google\"]",
      "instances": [
        {
          "schema_version": 0,
          "attributes": {
            "create_time": "2025-09-22T18:23:41.262155Z",
            "deletion_policy": "DELETE",
            "destroy_time": "",
            "enabled": true,
            "id": "projects/862291807500/secrets/darwin-production-database-url/versions/1",
            "is_secret_data_base64": false,
            "name": "projects/862291807500/secrets/darwin-production-database-url/versions/1",
            "secret": "projects/pcs-helio/secrets/darwin-production-database-url",
            "secret_data": "postgresql://darwin_user_c94ea772:iiGf#]5oPJqUAR2:nZ[2=KX:j(JTUGm\u003e@10.221.1.3:5432/darwin_production",
            "timeouts": null,
            "version": "1"
          },
          "sensitive_attributes": [
            [
              {
                "type": "get_attr",
                "value": "secret_data"
              }
            ]
          ],
          "identity_schema_version": 0,
          "private": "eyJlMmJmYjczMC1lY2FhLTExZTYtOGY4OC0zNDM2M2JjN2M0YzAiOnsiY3JlYXRlIjoxMjAwMDAwMDAwMDAwLCJkZWxldGUiOjEyMDAwMDAwMDAwMDAsInVwZGF0ZSI6MTIwMDAwMDAwMDAwMH19",
          "dependencies": [
            "module.backend.google_secret_manager_secret.database_url",
            "module.backend.google_service_account.backend",
            "module.backend.google_sql_database.main",
            "module.backend.google_sql_database_instance.main",
            "module.backend.google_sql_user.backend_user",
            "module.backend.random_id.database_user_suffix",
            "module.backend.random_password.database_password",
            "module.networking.google_compute_firewall.allow_database",
            "module.networking.google_compute_firewall.allow_health_check",
            "module.networking.google_compute_firewall.allow_http",
            "module.networking.google_compute_firewall.allow_https",
            "module.networking.google_compute_firewall.allow_redis",
            "module.networking.google_compute_firewall.allow_ssh",
            "module.networking.google_compute_firewall.deny_all",
            "module.networking.google_compute_global_address.main",
            "module.networking.google_compute_global_address.private_service_access",
            "module.networking.google_compute_global_forwarding_rule.http",
            "module.networking.google_compute_health_check.backend",
            "module.networking.google_compute_health_check.frontend",
            "module.networking.google_compute_managed_ssl_certificate.main",
            "module.networking.google_compute_network.main",
            "module.networking.google_compute_router.main",
            "module.networking.google_compute_router_nat.main",
            "module.networking.google_compute_subnetwork.main",
            "module.networking.google_compute_target_http_proxy.https_redirect",
            "module.networking.google_compute_url_map.https_redirect",
            "module.networking.google_service_networking_connection.private_service_access",
            "module.networking.google_vpc_access_connector.main"
          ]
        }
      ]
    },
    {
      "module": "module.backend",
      "mode": "managed",
      "type": "google_secret_manager_secret_version",
      "name": "jwt_secret",
      "provider": "provider[\"registry.terraform.io/hashicorp/google\"]",
      "instances": [
        {
          "schema_version": 0,
          "attributes": {
            "create_time": "2025-09-22T17:37:29.916218Z",
            "deletion_policy": "DELETE",
            "destroy_time": "",
            "enabled": true,
            "id": "projects/862291807500/secrets/darwin-production-jwt-secret/versions/1",
            "is_secret_data_base64": false,
            "name": "projects/862291807500/secrets/darwin-production-jwt-secret/versions/1",
            "secret": "projects/pcs-helio/secrets/darwin-production-jwt-secret",
            "secret_data": "qZz1S[=WNyHIvgIFx75ZzWcFWen!$J%ktuTXfma(s{3K\u0026=ni]$SM5Uq_YQS)[E#L",
            "timeouts": null,
            "version": "1"
          },
          "sensitive_attributes": [
            [
              {
                "type": "get_attr",
                "value": "secret_data"
              }
            ]
          ],
          "identity_schema_version": 0,
          "private": "eyJlMmJmYjczMC1lY2FhLTExZTYtOGY4OC0zNDM2M2JjN2M0YzAiOnsiY3JlYXRlIjoxMjAwMDAwMDAwMDAwLCJkZWxldGUiOjEyMDAwMDAwMDAwMDAsInVwZGF0ZSI6MTIwMDAwMDAwMDAwMH19",
          "dependencies": [
            "module.backend.google_secret_manager_secret.jwt_secret",
            "module.backend.random_password.jwt_secret",
            "module.networking.google_compute_firewall.allow_database",
            "module.networking.google_compute_firewall.allow_health_check",
            "module.networking.google_compute_firewall.allow_http",
            "module.networking.google_compute_firewall.allow_https",
            "module.networking.google_compute_firewall.allow_redis",
            "module.networking.google_compute_firewall.allow_ssh",
            "module.networking.google_compute_firewall.deny_all",
            "module.networking.google_compute_global_address.main",
            "module.networking.google_compute_global_address.private_service_access",
            "module.networking.google_compute_global_forwarding_rule.http",
            "module.networking.google_compute_health_check.backend",
            "module.networking.google_compute_health_check.frontend",
            "module.networking.google_compute_managed_ssl_certificate.main",
            "module.networking.google_compute_network.main",
            "module.networking.google_compute_router.main",
            "module.networking.google_compute_router_nat.main",
            "module.networking.google_compute_subnetwork.main",
            "module.networking.google_compute_target_http_proxy.https_redirect",
            "module.networking.google_compute_url_map.https_redirect",
            "module.networking.google_service_networking_connection.private_service_access",
            "module.networking.google_vpc_access_connector.main"
          ]
        }
      ]
    },
    {
      "module": "module.backend",
      "mode": "managed",
      "type": "google_secret_manager_secret_version",
      "name": "redis_url",
      "provider": "provider[\"registry.terraform.io/hashicorp/google\"]",
      "instances": [
        {
          "schema_version": 0,
          "attributes": {
            "create_time": "2025-09-22T18:04:01.643609Z",
            "deletion_policy": "DELETE",
            "destroy_time": "",
            "enabled": true,
            "id": "projects/862291807500/secrets/darwin-production-redis-url/versions/1",
            "is_secret_data_base64": false,
            "name": "projects/862291807500/secrets/darwin-production-redis-url/versions/1",
            "secret": "projects/pcs-helio/secrets/darwin-production-redis-url",
            "secret_data": "redis://:c91f6d4b-d612-47d0-a428-09b651b6ed44@10.221.0.3:6378",
            "timeouts": null,
            "version": "1"
          },
          "sensitive_attributes": [
            [
              {
                "type": "get_attr",
                "value": "secret_data"
              }
            ]
          ],
          "identity_schema_version": 0,
          "private": "eyJlMmJmYjczMC1lY2FhLTExZTYtOGY4OC0zNDM2M2JjN2M0YzAiOnsiY3JlYXRlIjoxMjAwMDAwMDAwMDAwLCJkZWxldGUiOjEyMDAwMDAwMDAwMDAsInVwZGF0ZSI6MTIwMDAwMDAwMDAwMH19",
          "dependencies": [
            "module.backend.google_redis_instance.main",
            "module.backend.google_secret_manager_secret.redis_url",
            "module.networking.google_compute_firewall.allow_database",
            "module.networking.google_compute_firewall.allow_health_check",
            "module.networking.google_compute_firewall.allow_http",
            "module.networking.google_compute_firewall.allow_https",
            "module.networking.google_compute_firewall.allow_redis",
            "module.networking.google_compute_firewall.allow_ssh",
            "module.networking.google_compute_firewall.deny_all",
            "module.networking.google_compute_global_address.main",
            "module.networking.google_compute_global_address.private_service_access",
            "module.networking.google_compute_global_forwarding_rule.http",
            "module.networking.google_compute_health_check.backend",
            "module.networking.google_compute_health_check.frontend",
            "module.networking.google_compute_managed_ssl_certificate.main",
            "module.networking.google_compute_network.main",
            "module.networking.google_compute_router.main",
            "module.networking.google_compute_router_nat.main",
            "module.networking.google_compute_subnetwork.main",
            "module.networking.google_compute_target_http_proxy.https_redirect",
            "module.networking.google_compute_url_map.https_redirect",
            "module.networking.google_service_networking_connection.private_service_access",
            "module.networking.google_vpc_access_connector.main"
          ]
        }
      ]
    },
    {
      "module": "module.backend",
      "mode": "managed",
      "type": "google_service_account",
      "name": "backend",
      "provider": "provider[\"registry.terraform.io/hashicorp/google\"]",
      "instances": [
        {
          "schema_version": 0,
          "attributes": {
            "account_id": "darwin-production-backend-sa",
            "create_ignore_already_exists": null,
            "description": "Service account for darwin backend services in production",
            "disabled": false,
            "display_name": "DARWIN Backend Service Account",
            "email": "darwin-production-backend-sa@pcs-helio.iam.gserviceaccount.com",
            "id": "projects/pcs-helio/serviceAccounts/darwin-production-backend-sa@pcs-helio.iam.gserviceaccount.com",
            "member": "serviceAccount:darwin-production-backend-sa@pcs-helio.iam.gserviceaccount.com",
            "name": "projects/pcs-helio/serviceAccounts/darwin-production-backend-sa@pcs-helio.iam.gserviceaccount.com",
            "project": "pcs-helio",
            "timeouts": null,
            "unique_id": "117215852143923347319"
          },
          "sensitive_attributes": [],
          "identity_schema_version": 0,
          "private": "eyJlMmJmYjczMC1lY2FhLTExZTYtOGY4OC0zNDM2M2JjN2M0YzAiOnsiY3JlYXRlIjozMDAwMDAwMDAwMDB9fQ==",
          "dependencies": [
            "module.networking.google_compute_firewall.allow_database",
            "module.networking.google_compute_firewall.allow_health_check",
            "module.networking.google_compute_firewall.allow_http",
            "module.networking.google_compute_firewall.allow_https",
            "module.networking.google_compute_firewall.allow_redis",
            "module.networking.google_compute_firewall.allow_ssh",
            "module.networking.google_compute_firewall.deny_all",
            "module.networking.google_compute_global_address.main",
            "module.networking.google_compute_global_address.private_service_access",
            "module.networking.google_compute_global_forwarding_rule.http",
            "module.networking.google_compute_health_check.backend",
            "module.networking.google_compute_health_check.frontend",
            "module.networking.google_compute_managed_ssl_certificate.main",
            "module.networking.google_compute_network.main",
            "module.networking.google_compute_router.main",
            "module.networking.google_compute_router_nat.main",
            "module.networking.google_compute_subnetwork.main",
            "module.networking.google_compute_target_http_proxy.https_redirect",
            "module.networking.google_compute_url_map.https_redirect",
            "module.networking.google_service_networking_connection.private_service_access",
            "module.networking.google_vpc_access_connector.main"
          ]
        }
      ]
    },
    {
      "module": "module.backend",
      "mode": "managed",
      "type": "google_sql_database",
      "name": "main",
      "provider": "provider[\"registry.terraform.io/hashicorp/google\"]",
      "instances": [
        {
          "schema_version": 0,
          "attributes": {
            "charset": "UTF8",
            "collation": "en_US.UTF8",
            "deletion_policy": "DELETE",
            "id": "projects/pcs-helio/instances/darwin-production-db/databases/darwin_production",
            "instance": "darwin-production-db",
            "name": "darwin_production",
            "project": "pcs-helio",
            "self_link": "https://sqladmin.googleapis.com/sql/v1beta4/projects/pcs-helio/instances/darwin-production-db/databases/darwin_production",
            "timeouts": null
          },
          "sensitive_attributes": [],
          "identity_schema_version": 0,
          "private": "eyJlMmJmYjczMC1lY2FhLTExZTYtOGY4OC0zNDM2M2JjN2M0YzAiOnsiY3JlYXRlIjoxMjAwMDAwMDAwMDAwLCJkZWxldGUiOjEyMDAwMDAwMDAwMDAsInVwZGF0ZSI6MTIwMDAwMDAwMDAwMH19",
          "dependencies": [
            "module.backend.google_service_account.backend",
            "module.backend.google_sql_database_instance.main",
            "module.networking.google_compute_firewall.allow_database",
            "module.networking.google_compute_firewall.allow_health_check",
            "module.networking.google_compute_firewall.allow_http",
            "module.networking.google_compute_firewall.allow_https",
            "module.networking.google_compute_firewall.allow_redis",
            "module.networking.google_compute_firewall.allow_ssh",
            "module.networking.google_compute_firewall.deny_all",
            "module.networking.google_compute_global_address.main",
            "module.networking.google_compute_global_address.private_service_access",
            "module.networking.google_compute_global_forwarding_rule.http",
            "module.networking.google_compute_health_check.backend",
            "module.networking.google_compute_health_check.frontend",
            "module.networking.google_compute_managed_ssl_certificate.main",
            "module.networking.google_compute_network.main",
            "module.networking.google_compute_router.main",
            "module.networking.google_compute_router_nat.main",
            "module.networking.google_compute_subnetwork.main",
            "module.networking.google_compute_target_http_proxy.https_redirect",
            "module.networking.google_compute_url_map.https_redirect",
            "module.networking.google_service_networking_connection.private_service_access",
            "module.networking.google_vpc_access_connector.main"
          ]
        }
      ]
    },
    {
      "module": "module.backend",
      "mode": "managed",
      "type": "google_sql_database_instance",
      "name": "main",
      "provider": "provider[\"registry.terraform.io/hashicorp/google\"]",
      "instances": [
        {
          "schema_version": 0,
          "attributes": {
            "available_maintenance_versions": [],
            "clone": [],
            "connection_name": "pcs-helio:us-central1:darwin-production-db",
            "database_version": "POSTGRES_15",
            "deletion_protection": true,
            "dns_name": "",
            "encryption_key_name": null,
            "first_ip_address": "10.221.1.3",
            "id": "darwin-production-db",
            "instance_type": "CLOUD_SQL_INSTANCE",
            "ip_address": [
              {
                "ip_address": "10.221.1.3",
                "time_to_retire": "",
                "type": "PRIVATE"
              }
            ],
            "maintenance_version": "POSTGRES_15_14.R20250727.00_24",
            "master_instance_name": "",
            "name": "darwin-production-db",
            "private_ip_address": "10.221.1.3",
            "project": "pcs-helio",
            "psc_service_attachment_link": "",
            "public_ip_address": "",
            "region": "us-central1",
            "replica_configuration": [],
            "restore_backup_context": [],
            "root_password": null,
            "self_link": "https://sqladmin.googleapis.com/sql/v1beta4/projects/pcs-helio/instances/darwin-production-db",
            "server_ca_cert": [
              {
                "cert": "-----BEGIN CERTIFICATE-----\nMIIDfzCCAmegAwIBAgIBADANBgkqhkiG9w0BAQsFADB3MS0wKwYDVQQuEyRjYWI3\nNjYxOS1mZWFmLTRlOWYtYTQzYi0zYzFmMWUyN2NjZGExIzAhBgNVBAMTGkdvb2ds\nZSBDbG91ZCBTUUwgU2VydmVyIENBMRQwEgYDVQQKEwtHb29nbGUsIEluYzELMAkG\nA1UEBhMCVVMwHhcNMjUwOTIyMTgxOTE4WhcNMzUwOTIwMTgyMDE4WjB3MS0wKwYD\nVQQuEyRjYWI3NjYxOS1mZWFmLTRlOWYtYTQzYi0zYzFmMWUyN2NjZGExIzAhBgNV\nBAMTGkdvb2dsZSBDbG91ZCBTUUwgU2VydmVyIENBMRQwEgYDVQQKEwtHb29nbGUs\nIEluYzELMAkGA1UEBhMCVVMwggEiMA0GCSqGSIb3DQEBAQUAA4IBDwAwggEKAoIB\nAQCvL3fEpdJYdnwCOnUqKUkUTUbza3B2NG64Ap/Nubt97klwmjgP+D8yLc7HaXPp\nrDAMIDd5/6rTXZyzFPB5rHLFxlwbHEggoUi2qg/Sev7KVB5S3uHuQ9kariP4llPD\nZvdthr2298cXBSVjdW5THWjtcdEfIUZw/HeH0Pi7fdi5cHvND7UWggRw/L3FloXt\nT3AbL5dwYis3EmwTVXf3uqG5Jf2wf9/TY5wTI1erw2OBc5FG0SMXuYaBaHrXBhip\nZ52hAs5wLqOd++BYTM2OKcIpXr1A7OYOEaVItlidjRZfRg3AJ/GuuICeHAuwGtU6\nwwIbO5y4e2Ueplh0EGI88VXlAgMBAAGjFjAUMBIGA1UdEwEB/wQIMAYBAf8CAQAw\nDQYJKoZIhvcNAQELBQADggEBAI0JoYfI10jQqB6bQIAvWcd6lpxAAJTJr19huL/4\nLF1rU3vB+z0KR369ye++nTQ5E/GXwek7pNDoUw9AVDqOqUo/ugj2svYnaHg7NhWF\naVFiUMUuFJl+J4qeaGpeMih8YoxMjnKFuFd2G+IBupIn29T9eQQBfGnQ8J9G6sAo\ns9h6z+xrQog3SersTyKFsyVnBQWf2lgyYj3QRpd/MS+80jkz2JEYgrg2P6pmUp7b\nf50IBvMuJ13wHztZTY8AlM3+CO1+H2HXDfoIPSAN4eDhgaSyp2YsaqiBgMh+fuIk\nnf8X/EltEzTo0dujKO7Zv4tlm1a5i+6tC7kLVpCyNmsh9fU=\n-----END CERTIFICATE-----",
                "common_name": "C=US,O=Google\\, Inc,CN=Google Cloud SQL Server CA,dnQualifier=cab76619-feaf-4e9f-a43b-3c1f1e27ccda",
                "create_time": "2025-09-22T18:19:18.467Z",
                "expiration_time": "2035-09-20T18:20:18.467Z",
                "sha1_fingerprint": "a66e8cd83ccb1c85645aaee33d1120b5eb1e2311"
              }
            ],
            "service_account_email_address": "p862291807500-ts6hqw@gcp-sa-cloud-sql.iam.gserviceaccount.com",
            "settings": [
              {
                "activation_policy": "ALWAYS",
                "active_directory_config": [],
                "advanced_machine_features": [],
                "availability_type": "ZONAL",
                "backup_configuration": [
                  {
                    "backup_retention_settings": [
                      {
                        "retained_backups": 30,
                        "retention_unit": "COUNT"
                      }
                    ],
                    "binary_log_enabled": false,
                    "enabled": true,
                    "location": "us-central1",
                    "point_in_time_recovery_enabled": true,
                    "start_time": "03:00",
                    "transaction_log_retention_days": 7
                  }
                ],
                "collation": "",
                "connector_enforcement": "NOT_REQUIRED",
                "data_cache_config": [],
                "database_flags": [
                  {
                    "name": "max_connections",
                    "value": "100"
                  }
                ],
                "deletion_protection_enabled": false,
                "deny_maintenance_period": [],
                "disk_autoresize": true,
                "disk_autoresize_limit": 100,
                "disk_size": 100,
                "disk_type": "PD_SSD",
                "edition": "ENTERPRISE",
                "enable_dataplex_integration": false,
                "enable_google_ml_integration": false,
                "insights_config": [
                  {
                    "query_insights_enabled": true,
                    "query_plans_per_minute": 5,
                    "query_string_length": 1024,
                    "record_application_tags": true,
                    "record_client_address": true
                  }
                ],
                "ip_configuration": [
                  {
                    "allocated_ip_range": "",
                    "authorized_networks": [],
                    "enable_private_path_for_google_cloud_services": true,
                    "ipv4_enabled": false,
                    "private_network": "projects/pcs-helio/global/networks/darwin-production-vpc",
                    "psc_config": [],
                    "require_ssl": false,
                    "server_ca_mode": "GOOGLE_MANAGED_INTERNAL_CA",
                    "ssl_mode": "ENCRYPTED_ONLY"
                  }
                ],
                "location_preference": [
                  {
                    "follow_gae_application": "",
                    "secondary_zone": "",
                    "zone": "us-central1-c"
                  }
                ],
                "maintenance_window": [
                  {
                    "day": 7,
                    "hour": 4,
                    "update_track": "stable"
                  }
                ],
                "password_validation_policy": [],
                "pricing_plan": "PER_USE",
                "sql_server_audit_config": [],
                "tier": "db-custom-2-7680",
                "time_zone": "",
                "user_labels": {},
                "version": 3
              }
            ],
            "timeouts": null
          },
          "sensitive_attributes": [
            [
              {
                "type": "get_attr",
                "value": "root_password"
              }
            ],
            [
              {
                "type": "get_attr",
                "value": "server_ca_cert"
              }
            ]
          ],
          "identity_schema_version": 0,
          "private": "eyJlMmJmYjczMC1lY2FhLTExZTYtOGY4OC0zNDM2M2JjN2M0YzAiOnsiY3JlYXRlIjo1NDAwMDAwMDAwMDAwLCJkZWxldGUiOjU0MDAwMDAwMDAwMDAsInVwZGF0ZSI6NTQwMDAwMDAwMDAwMH19",
          "dependencies": [
            "module.backend.google_service_account.backend",
            "module.networking.google_compute_firewall.allow_database",
            "module.networking.google_compute_firewall.allow_health_check",
            "module.networking.google_compute_firewall.allow_http",
            "module.networking.google_compute_firewall.allow_https",
            "module.networking.google_compute_firewall.allow_redis",
            "module.networking.google_compute_firewall.allow_ssh",
            "module.networking.google_compute_firewall.deny_all",
            "module.networking.google_compute_global_address.main",
            "module.networking.google_compute_global_address.private_service_access",
            "module.networking.google_compute_global_forwarding_rule.http",
            "module.networking.google_compute_health_check.backend",
            "module.networking.google_compute_health_check.frontend",
            "module.networking.google_compute_managed_ssl_certificate.main",
            "module.networking.google_compute_network.main",
            "module.networking.google_compute_router.main",
            "module.networking.google_compute_router_nat.main",
            "module.networking.google_compute_subnetwork.main",
            "module.networking.google_compute_target_http_proxy.https_redirect",
            "module.networking.google_compute_url_map.https_redirect",
            "module.networking.google_service_networking_connection.private_service_access",
            "module.networking.google_vpc_access_connector.main"
          ]
        }
      ]
    },
    {
      "module": "module.backend",
      "mode": "managed",
      "type": "google_sql_user",
      "name": "backend_user",
      "provider": "provider[\"registry.terraform.io/hashicorp/google\"]",
      "instances": [
        {
          "schema_version": 1,
          "attributes": {
            "deletion_policy": null,
            "host": "",
            "id": "darwin_user_c94ea772//darwin-production-db",
            "instance": "darwin-production-db",
            "name": "darwin_user_c94ea772",
            "password": "iiGf#]5oPJqUAR2:nZ[2=KX:j(JTUGm\u003e",
            "password_policy": [],
            "project": "pcs-helio",
            "sql_server_user_details": [],
            "timeouts": null,
            "type": ""
          },
          "sensitive_attributes": [
            [
              {
                "type": "get_attr",
                "value": "password"
              }
            ]
          ],
          "identity_schema_version": 0,
          "private": "eyJlMmJmYjczMC1lY2FhLTExZTYtOGY4OC0zNDM2M2JjN2M0YzAiOnsiY3JlYXRlIjo2MDAwMDAwMDAwMDAsImRlbGV0ZSI6NjAwMDAwMDAwMDAwLCJ1cGRhdGUiOjYwMDAwMDAwMDAwMH0sInNjaGVtYV92ZXJzaW9uIjoiMSJ9",
          "dependencies": [
            "module.backend.google_service_account.backend",
            "module.backend.google_sql_database_instance.main",
            "module.backend.random_id.database_user_suffix",
            "module.backend.random_password.database_password",
            "module.networking.google_compute_firewall.allow_database",
            "module.networking.google_compute_firewall.allow_health_check",
            "module.networking.google_compute_firewall.allow_http",
            "module.networking.google_compute_firewall.allow_https",
            "module.networking.google_compute_firewall.allow_redis",
            "module.networking.google_compute_firewall.allow_ssh",
            "module.networking.google_compute_firewall.deny_all",
            "module.networking.google_compute_global_address.main",
            "module.networking.google_compute_global_address.private_service_access",
            "module.networking.google_compute_global_forwarding_rule.http",
            "module.networking.google_compute_health_check.backend",
            "module.networking.google_compute_health_check.frontend",
            "module.networking.google_compute_managed_ssl_certificate.main",
            "module.networking.google_compute_network.main",
            "module.networking.google_compute_router.main",
            "module.networking.google_compute_router_nat.main",
            "module.networking.google_compute_subnetwork.main",
            "module.networking.google_compute_target_http_proxy.https_redirect",
            "module.networking.google_compute_url_map.https_redirect",
            "module.networking.google_service_networking_connection.private_service_access",
            "module.networking.google_vpc_access_connector.main"
          ]
        }
      ]
    },
    {
      "module": "module.backend",
      "mode": "managed",
      "type": "google_storage_bucket",
      "name": "buckets",
      "provider": "provider[\"registry.terraform.io/hashicorp/google\"]",
      "instances": [
        {
          "index_key": "backups",
          "schema_version": 2,
          "attributes": {
            "autoclass": [],
            "cors": [],
            "custom_placement_config": [],
            "default_event_based_hold": false,
            "effective_labels": {
              "cost_center": "research",
              "environment": "production",
              "managed_by": "terraform",
              "project": "darwin",
              "team": "kec-biomaterials"
            },
            "enable_object_retention": false,
            "encryption": [],
            "force_destroy": false,
            "id": "darwin-production-backups",
            "labels": {
              "cost_center": "research",
              "environment": "production",
              "managed_by": "terraform",
              "project": "darwin",
              "team": "kec-biomaterials"
            },
            "lifecycle_rule": [
              {
                "action": [
                  {
                    "storage_class": "",
                    "type": "Delete"
                  }
                ],
                "condition": [
                  {
                    "age": 90,
                    "created_before": "",
                    "custom_time_before": "",
                    "days_since_custom_time": 0,
                    "days_since_noncurrent_time": 0,
                    "matches_prefix": [],
                    "matches_storage_class": [],
                    "matches_suffix": [],
                    "no_age": false,
                    "noncurrent_time_before": "",
                    "num_newer_versions": 0,
                    "send_age_if_zero": true,
                    "send_days_since_custom_time_if_zero": false,
                    "send_days_since_noncurrent_time_if_zero": false,
                    "send_num_newer_versions_if_zero": false,
                    "with_state": "ANY"
                  }
                ]
              },
              {
                "action": [
                  {
                    "storage_class": "",
                    "type": "Delete"
                  }
                ],
                "condition": [
                  {
                    "age": 0,
                    "created_before": "",
                    "custom_time_before": "",
                    "days_since_custom_time": 0,
                    "days_since_noncurrent_time": 0,
                    "matches_prefix": [],
                    "matches_storage_class": [],
                    "matches_suffix": [],
                    "no_age": false,
                    "noncurrent_time_before": "",
                    "num_newer_versions": 3,
                    "send_age_if_zero": true,
                    "send_days_since_custom_time_if_zero": false,
                    "send_days_since_noncurrent_time_if_zero": false,
                    "send_num_newer_versions_if_zero": false,
                    "with_state": "ANY"
                  }
                ]
              }
            ],
            "location": "US",
            "logging": [],
            "name": "darwin-production-backups",
            "project": "pcs-helio",
            "project_number": 862291807500,
            "public_access_prevention": "inherited",
            "requester_pays": false,
            "retention_policy": [],
            "rpo": "DEFAULT",
            "self_link": "https://www.googleapis.com/storage/v1/b/darwin-production-backups",
            "soft_delete_policy": [
              {
                "effective_time": "2025-09-22T17:37:27.742Z",
                "retention_duration_seconds": 604800
              }
            ],
            "storage_class": "STANDARD",
            "terraform_labels": {
              "cost_center": "research",
              "environment": "production",
              "managed_by": "terraform",
              "project": "darwin",
              "team": "kec-biomaterials"
            },
            "timeouts": null,
            "uniform_bucket_level_access": true,
            "url": "gs://darwin-production-backups",
            "versioning": [
              {
                "enabled": true
              }
            ],
            "website": []
          },
          "sensitive_attributes": [],
          "identity_schema_version": 0,
          "private": "eyJlMmJmYjczMC1lY2FhLTExZTYtOGY4OC0zNDM2M2JjN2M0YzAiOnsiY3JlYXRlIjo2MDAwMDAwMDAwMDAsInJlYWQiOjI0MDAwMDAwMDAwMCwidXBkYXRlIjoyNDAwMDAwMDAwMDB9LCJzY2hlbWFfdmVyc2lvbiI6IjIifQ==",
          "dependencies": [
            "module.networking.google_compute_firewall.allow_database",
            "module.networking.google_compute_firewall.allow_health_check",
            "module.networking.google_compute_firewall.allow_http",
            "module.networking.google_compute_firewall.allow_https",
            "module.networking.google_compute_firewall.allow_redis",
            "module.networking.google_compute_firewall.allow_ssh",
            "module.networking.google_compute_firewall.deny_all",
            "module.networking.google_compute_global_address.main",
            "module.networking.google_compute_global_address.private_service_access",
            "module.networking.google_compute_global_forwarding_rule.http",
            "module.networking.google_compute_health_check.backend",
            "module.networking.google_compute_health_check.frontend",
            "module.networking.google_compute_managed_ssl_certificate.main",
            "module.networking.google_compute_network.main",
            "module.networking.google_compute_router.main",
            "module.networking.google_compute_router_nat.main",
            "module.networking.google_compute_subnetwork.main",
            "module.networking.google_compute_target_http_proxy.https_redirect",
            "module.networking.google_compute_url_map.https_redirect",
            "module.networking.google_service_networking_connection.private_service_access",
            "module.networking.google_vpc_access_connector.main"
          ]
        },
        {
          "index_key": "documents",
          "schema_version": 2,
          "attributes": {
            "autoclass": [],
            "cors": [],
            "custom_placement_config": [],
            "default_event_based_hold": false,
            "effective_labels": {
              "cost_center": "research",
              "environment": "production",
              "managed_by": "terraform",
              "project": "darwin",
              "team": "kec-biomaterials"
            },
            "enable_object_retention": false,
            "encryption": [],
            "force_destroy": false,
            "id": "darwin-production-documents",
            "labels": {
              "cost_center": "research",
              "environment": "production",
              "managed_by": "terraform",
              "project": "darwin",
              "team": "kec-biomaterials"
            },
            "lifecycle_rule": [
              {
                "action": [
                  {
                    "storage_class": "",
                    "type": "Delete"
                  }
                ],
                "condition": [
                  {
                    "age": 90,
                    "created_before": "",
                    "custom_time_before": "",
                    "days_since_custom_time": 0,
                    "days_since_noncurrent_time": 0,
                    "matches_prefix": [],
                    "matches_storage_class": [],
                    "matches_suffix": [],
                    "no_age": false,
                    "noncurrent_time_before": "",
                    "num_newer_versions": 0,
                    "send_age_if_zero": true,
                    "send_days_since_custom_time_if_zero": false,
                    "send_days_since_noncurrent_time_if_zero": false,
                    "send_num_newer_versions_if_zero": false,
                    "with_state": "ANY"
                  }
                ]
              },
              {
                "action": [
                  {
                    "storage_class": "",
                    "type": "Delete"
                  }
                ],
                "condition": [
                  {
                    "age": 0,
                    "created_before": "",
                    "custom_time_before": "",
                    "days_since_custom_time": 0,
                    "days_since_noncurrent_time": 0,
                    "matches_prefix": [],
                    "matches_storage_class": [],
                    "matches_suffix": [],
                    "no_age": false,
                    "noncurrent_time_before": "",
                    "num_newer_versions": 3,
                    "send_age_if_zero": true,
                    "send_days_since_custom_time_if_zero": false,
                    "send_days_since_noncurrent_time_if_zero": false,
                    "send_num_newer_versions_if_zero": false,
                    "with_state": "ANY"
                  }
                ]
              }
            ],
            "location": "US",
            "logging": [],
            "name": "darwin-production-documents",
            "project": "pcs-helio",
            "project_number": 862291807500,
            "public_access_prevention": "inherited",
            "requester_pays": false,
            "retention_policy": [],
            "rpo": "DEFAULT",
            "self_link": "https://www.googleapis.com/storage/v1/b/darwin-production-documents",
            "soft_delete_policy": [
              {
                "effective_time": "2025-09-22T17:37:27.635Z",
                "retention_duration_seconds": 604800
              }
            ],
            "storage_class": "STANDARD",
            "terraform_labels": {
              "cost_center": "research",
              "environment": "production",
              "managed_by": "terraform",
              "project": "darwin",
              "team": "kec-biomaterials"
            },
            "timeouts": null,
            "uniform_bucket_level_access": true,
            "url": "gs://darwin-production-documents",
            "versioning": [
              {
                "enabled": true
              }
            ],
            "website": []
          },
          "sensitive_attributes": [],
          "identity_schema_version": 0,
          "private": "eyJlMmJmYjczMC1lY2FhLTExZTYtOGY4OC0zNDM2M2JjN2M0YzAiOnsiY3JlYXRlIjo2MDAwMDAwMDAwMDAsInJlYWQiOjI0MDAwMDAwMDAwMCwidXBkYXRlIjoyNDAwMDAwMDAwMDB9LCJzY2hlbWFfdmVyc2lvbiI6IjIifQ==",
          "dependencies": [
            "module.networking.google_compute_firewall.allow_database",
            "module.networking.google_compute_firewall.allow_health_check",
            "module.networking.google_compute_firewall.allow_http",
            "module.networking.google_compute_firewall.allow_https",
            "module.networking.google_compute_firewall.allow_redis",
            "module.networking.google_compute_firewall.allow_ssh",
            "module.networking.google_compute_firewall.deny_all",
            "module.networking.google_compute_global_address.main",
            "module.networking.google_compute_global_address.private_service_access",
            "module.networking.google_compute_global_forwarding_rule.http",
            "module.networking.google_compute_health_check.backend",
            "module.networking.google_compute_health_check.frontend",
            "module.networking.google_compute_managed_ssl_certificate.main",
            "module.networking.google_compute_network.main",
            "module.networking.google_compute_router.main",
            "module.networking.google_compute_router_nat.main",
            "module.networking.google_compute_subnetwork.main",
            "module.networking.google_compute_target_http_proxy.https_redirect",
            "module.networking.google_compute_url_map.https_redirect",
            "module.networking.google_service_networking_connection.private_service_access",
            "module.networking.google_vpc_access_connector.main"
          ]
        },
        {
          "index_key": "logs",
          "schema_version": 2,
          "attributes": {
            "autoclass": [],
            "cors": [],
            "custom_placement_config": [],
            "default_event_based_hold": false,
            "effective_labels": {
              "cost_center": "research",
              "environment": "production",
              "managed_by": "terraform",
              "project": "darwin",
              "team": "kec-biomaterials"
            },
            "enable_object_retention": false,
            "encryption": [],
            "force_destroy": false,
            "id": "darwin-production-logs",
            "labels": {
              "cost_center": "research",
              "environment": "production",
              "managed_by": "terraform",
              "project": "darwin",
              "team": "kec-biomaterials"
            },
            "lifecycle_rule": [
              {
                "action": [
                  {
                    "storage_class": "",
                    "type": "Delete"
                  }
                ],
                "condition": [
                  {
                    "age": 90,
                    "created_before": "",
                    "custom_time_before": "",
                    "days_since_custom_time": 0,
                    "days_since_noncurrent_time": 0,
                    "matches_prefix": [],
                    "matches_storage_class": [],
                    "matches_suffix": [],
                    "no_age": false,
                    "noncurrent_time_before": "",
                    "num_newer_versions": 0,
                    "send_age_if_zero": true,
                    "send_days_since_custom_time_if_zero": false,
                    "send_days_since_noncurrent_time_if_zero": false,
                    "send_num_newer_versions_if_zero": false,
                    "with_state": "ANY"
                  }
                ]
              },
              {
                "action": [
                  {
                    "storage_class": "",
                    "type": "Delete"
                  }
                ],
                "condition": [
                  {
                    "age": 0,
                    "created_before": "",
                    "custom_time_before": "",
                    "days_since_custom_time": 0,
                    "days_since_noncurrent_time": 0,
                    "matches_prefix": [],
                    "matches_storage_class": [],
                    "matches_suffix": [],
                    "no_age": false,
                    "noncurrent_time_before": "",
                    "num_newer_versions": 3,
                    "send_age_if_zero": true,
                    "send_days_since_custom_time_if_zero": false,
                    "send_days_since_noncurrent_time_if_zero": false,
                    "send_num_newer_versions_if_zero": false,
                    "with_state": "ANY"
                  }
                ]
              }
            ],
            "location": "US",
            "logging": [],
            "name": "darwin-production-logs",
            "project": "pcs-helio",
            "project_number": 862291807500,
            "public_access_prevention": "inherited",
            "requester_pays": false,
            "retention_policy": [],
            "rpo": "DEFAULT",
            "self_link": "https://www.googleapis.com/storage/v1/b/darwin-production-logs",
            "soft_delete_policy": [
              {
                "effective_time": "2025-09-22T17:37:27.191Z",
                "retention_duration_seconds": 604800
              }
            ],
            "storage_class": "STANDARD",
            "terraform_labels": {
              "cost_center": "research",
              "environment": "production",
              "managed_by": "terraform",
              "project": "darwin",
              "team": "kec-biomaterials"
            },
            "timeouts": null,
            "uniform_bucket_level_access": true,
            "url": "gs://darwin-production-logs",
            "versioning": [
              {
                "enabled": true
              }
            ],
            "website": []
          },
          "sensitive_attributes": [],
          "identity_schema_version": 0,
          "private": "eyJlMmJmYjczMC1lY2FhLTExZTYtOGY4OC0zNDM2M2JjN2M0YzAiOnsiY3JlYXRlIjo2MDAwMDAwMDAwMDAsInJlYWQiOjI0MDAwMDAwMDAwMCwidXBkYXRlIjoyNDAwMDAwMDAwMDB9LCJzY2hlbWFfdmVyc2lvbiI6IjIifQ==",
          "dependencies": [
            "module.networking.google_compute_firewall.allow_database",
            "module.networking.google_compute_firewall.allow_health_check",
            "module.networking.google_compute_firewall.allow_http",
            "module.networking.google_compute_firewall.allow_https",
            "module.networking.google_compute_firewall.allow_redis",
            "module.networking.google_compute_firewall.allow_ssh",
            "module.networking.google_compute_firewall.deny_all",
            "module.networking.google_compute_global_address.main",
            "module.networking.google_compute_global_address.private_service_access",
            "module.networking.google_compute_global_forwarding_rule.http",
            "module.networking.google_compute_health_check.backend",
            "module.networking.google_compute_health_check.frontend",
            "module.networking.google_compute_managed_ssl_certificate.main",
            "module.networking.google_compute_network.main",
            "module.networking.google_compute_router.main",
            "module.networking.google_compute_router_nat.main",
            "module.networking.google_compute_subnetwork.main",
            "module.networking.google_compute_target_http_proxy.https_redirect",
            "module.networking.google_compute_url_map.https_redirect",
            "module.networking.google_service_networking_connection.private_service_access",
            "module.networking.google_vpc_access_connector.main"
          ]
        },
        {
          "index_key": "models",
          "schema_version": 2,
          "attributes": {
            "autoclass": [],
            "cors": [],
            "custom_placement_config": [],
            "default_event_based_hold": false,
            "effective_labels": {
              "cost_center": "research",
              "environment": "production",
              "managed_by": "terraform",
              "project": "darwin",
              "team": "kec-biomaterials"
            },
            "enable_object_retention": false,
            "encryption": [],
            "force_destroy": false,
            "id": "darwin-production-models",
            "labels": {
              "cost_center": "research",
              "environment": "production",
              "managed_by": "terraform",
              "project": "darwin",
              "team": "kec-biomaterials"
            },
            "lifecycle_rule": [
              {
                "action": [
                  {
                    "storage_class": "",
                    "type": "Delete"
                  }
                ],
                "condition": [
                  {
                    "age": 90,
                    "created_before": "",
                    "custom_time_before": "",
                    "days_since_custom_time": 0,
                    "days_since_noncurrent_time": 0,
                    "matches_prefix": [],
                    "matches_storage_class": [],
                    "matches_suffix": [],
                    "no_age": false,
                    "noncurrent_time_before": "",
                    "num_newer_versions": 0,
                    "send_age_if_zero": true,
                    "send_days_since_custom_time_if_zero": false,
                    "send_days_since_noncurrent_time_if_zero": false,
                    "send_num_newer_versions_if_zero": false,
                    "with_state": "ANY"
                  }
                ]
              },
              {
                "action": [
                  {
                    "storage_class": "",
                    "type": "Delete"
                  }
                ],
                "condition": [
                  {
                    "age": 0,
                    "created_before": "",
                    "custom_time_before": "",
                    "days_since_custom_time": 0,
                    "days_since_noncurrent_time": 0,
                    "matches_prefix": [],
                    "matches_storage_class": [],
                    "matches_suffix": [],
                    "no_age": false,
                    "noncurrent_time_before": "",
                    "num_newer_versions": 3,
                    "send_age_if_zero": true,
                    "send_days_since_custom_time_if_zero": false,
                    "send_days_since_noncurrent_time_if_zero": false,
                    "send_num_newer_versions_if_zero": false,
                    "with_state": "ANY"
                  }
                ]
              }
            ],
            "location": "US",
            "logging": [],
            "name": "darwin-production-models",
            "project": "pcs-helio",
            "project_number": 862291807500,
            "public_access_prevention": "inherited",
            "requester_pays": false,
            "retention_policy": [],
            "rpo": "DEFAULT",
            "self_link": "https://www.googleapis.com/storage/v1/b/darwin-production-models",
            "soft_delete_policy": [
              {
                "effective_time": "2025-09-22T17:37:26.543Z",
                "retention_duration_seconds": 604800
              }
            ],
            "storage_class": "STANDARD",
            "terraform_labels": {
              "cost_center": "research",
              "environment": "production",
              "managed_by": "terraform",
              "project": "darwin",
              "team": "kec-biomaterials"
            },
            "timeouts": null,
            "uniform_bucket_level_access": true,
            "url": "gs://darwin-production-models",
            "versioning": [
              {
                "enabled": true
              }
            ],
            "website": []
          },
          "sensitive_attributes": [],
          "identity_schema_version": 0,
          "private": "eyJlMmJmYjczMC1lY2FhLTExZTYtOGY4OC0zNDM2M2JjN2M0YzAiOnsiY3JlYXRlIjo2MDAwMDAwMDAwMDAsInJlYWQiOjI0MDAwMDAwMDAwMCwidXBkYXRlIjoyNDAwMDAwMDAwMDB9LCJzY2hlbWFfdmVyc2lvbiI6IjIifQ==",
          "dependencies": [
            "module.networking.google_compute_firewall.allow_database",
            "module.networking.google_compute_firewall.allow_health_check",
            "module.networking.google_compute_firewall.allow_http",
            "module.networking.google_compute_firewall.allow_https",
            "module.networking.google_compute_firewall.allow_redis",
            "module.networking.google_compute_firewall.allow_ssh",
            "module.networking.google_compute_firewall.deny_all",
            "module.networking.google_compute_global_address.main",
            "module.networking.google_compute_global_address.private_service_access",
            "module.networking.google_compute_global_forwarding_rule.http",
            "module.networking.google_compute_health_check.backend",
            "module.networking.google_compute_health_check.frontend",
            "module.networking.google_compute_managed_ssl_certificate.main",
            "module.networking.google_compute_network.main",
            "module.networking.google_compute_router.main",
            "module.networking.google_compute_router_nat.main",
            "module.networking.google_compute_subnetwork.main",
            "module.networking.google_compute_target_http_proxy.https_redirect",
            "module.networking.google_compute_url_map.https_redirect",
            "module.networking.google_service_networking_connection.private_service_access",
            "module.networking.google_vpc_access_connector.main"
          ]
        },
        {
          "index_key": "uploads",
          "schema_version": 2,
          "attributes": {
            "autoclass": [],
            "cors": [
              {
                "max_age_seconds": 3600,
                "method": [
                  "GET",
                  "HEAD",
                  "PUT",
                  "POST",
                  "DELETE"
                ],
                "origin": [
                  "*"
                ],
                "response_header": [
                  "*"
                ]
              }
            ],
            "custom_placement_config": [],
            "default_event_based_hold": false,
            "effective_labels": {
              "cost_center": "research",
              "environment": "production",
              "managed_by": "terraform",
              "project": "darwin",
              "team": "kec-biomaterials"
            },
            "enable_object_retention": false,
            "encryption": [],
            "force_destroy": false,
            "id": "darwin-production-uploads",
            "labels": {
              "cost_center": "research",
              "environment": "production",
              "managed_by": "terraform",
              "project": "darwin",
              "team": "kec-biomaterials"
            },
            "lifecycle_rule": [
              {
                "action": [
                  {
                    "storage_class": "",
                    "type": "Delete"
                  }
                ],
                "condition": [
                  {
                    "age": 90,
                    "created_before": "",
                    "custom_time_before": "",
                    "days_since_custom_time": 0,
                    "days_since_noncurrent_time": 0,
                    "matches_prefix": [],
                    "matches_storage_class": [],
                    "matches_suffix": [],
                    "no_age": false,
                    "noncurrent_time_before": "",
                    "num_newer_versions": 0,
                    "send_age_if_zero": true,
                    "send_days_since_custom_time_if_zero": false,
                    "send_days_since_noncurrent_time_if_zero": false,
                    "send_num_newer_versions_if_zero": false,
                    "with_state": "ANY"
                  }
                ]
              },
              {
                "action": [
                  {
                    "storage_class": "",
                    "type": "Delete"
                  }
                ],
                "condition": [
                  {
                    "age": 0,
                    "created_before": "",
                    "custom_time_before": "",
                    "days_since_custom_time": 0,
                    "days_since_noncurrent_time": 0,
                    "matches_prefix": [],
                    "matches_storage_class": [],
                    "matches_suffix": [],
                    "no_age": false,
                    "noncurrent_time_before": "",
                    "num_newer_versions": 3,
                    "send_age_if_zero": true,
                    "send_days_since_custom_time_if_zero": false,
                    "send_days_since_noncurrent_time_if_zero": false,
                    "send_num_newer_versions_if_zero": false,
                    "with_state": "ANY"
                  }
                ]
              }
            ],
            "location": "US",
            "logging": [],
            "name": "darwin-production-uploads",
            "project": "pcs-helio",
            "project_number": 862291807500,
            "public_access_prevention": "inherited",
            "requester_pays": false,
            "retention_policy": [],
            "rpo": "DEFAULT",
            "self_link": "https://www.googleapis.com/storage/v1/b/darwin-production-uploads",
            "soft_delete_policy": [
              {
                "effective_time": "2025-09-22T17:37:26.083Z",
                "retention_duration_seconds": 604800
              }
            ],
            "storage_class": "STANDARD",
            "terraform_labels": {
              "cost_center": "research",
              "environment": "production",
              "managed_by": "terraform",
              "project": "darwin",
              "team": "kec-biomaterials"
            },
            "timeouts": null,
            "uniform_bucket_level_access": true,
            "url": "gs://darwin-production-uploads",
            "versioning": [
              {
                "enabled": true
              }
            ],
            "website": []
          },
          "sensitive_attributes": [],
          "identity_schema_version": 0,
          "private": "eyJlMmJmYjczMC1lY2FhLTExZTYtOGY4OC0zNDM2M2JjN2M0YzAiOnsiY3JlYXRlIjo2MDAwMDAwMDAwMDAsInJlYWQiOjI0MDAwMDAwMDAwMCwidXBkYXRlIjoyNDAwMDAwMDAwMDB9LCJzY2hlbWFfdmVyc2lvbiI6IjIifQ==",
          "dependencies": [
            "module.networking.google_compute_firewall.allow_database",
            "module.networking.google_compute_firewall.allow_health_check",
            "module.networking.google_compute_firewall.allow_http",
            "module.networking.google_compute_firewall.allow_https",
            "module.networking.google_compute_firewall.allow_redis",
            "module.networking.google_compute_firewall.allow_ssh",
            "module.networking.google_compute_firewall.deny_all",
            "module.networking.google_compute_global_address.main",
            "module.networking.google_compute_global_address.private_service_access",
            "module.networking.google_compute_global_forwarding_rule.http",
            "module.networking.google_compute_health_check.backend",
            "module.networking.google_compute_health_check.frontend",
            "module.networking.google_compute_managed_ssl_certificate.main",
            "module.networking.google_compute_network.main",
            "module.networking.google_compute_router.main",
            "module.networking.google_compute_router_nat.main",
            "module.networking.google_compute_subnetwork.main",
            "module.networking.google_compute_target_http_proxy.https_redirect",
            "module.networking.google_compute_url_map.https_redirect",
            "module.networking.google_service_networking_connection.private_service_access",
            "module.networking.google_vpc_access_connector.main"
          ]
        }
      ]
    },
    {
      "module": "module.backend",
      "mode": "managed",
      "type": "google_storage_bucket_iam_member",
      "name": "backend_bucket_access",
      "provider": "provider[\"registry.terraform.io/hashicorp/google\"]",
      "instances": [
        {
          "index_key": "backups",
          "schema_version": 0,
          "attributes": {
            "bucket": "b/darwin-production-backups",
            "condition": [],
            "etag": "CAQ=",
            "id": "b/darwin-production-backups/roles/storage.objectAdmin/serviceAccount:darwin-production-backend-sa@pcs-helio.iam.gserviceaccount.com",
            "member": "serviceAccount:darwin-production-backend-sa@pcs-helio.iam.gserviceaccount.com",
            "role": "roles/storage.objectAdmin"
          },
          "sensitive_attributes": [],
          "identity_schema_version": 0,
          "private": "bnVsbA==",
          "dependencies": [
            "module.backend.google_service_account.backend",
            "module.backend.google_storage_bucket.buckets",
            "module.networking.google_compute_firewall.allow_database",
            "module.networking.google_compute_firewall.allow_health_check",
            "module.networking.google_compute_firewall.allow_http",
            "module.networking.google_compute_firewall.allow_https",
            "module.networking.google_compute_firewall.allow_redis",
            "module.networking.google_compute_firewall.allow_ssh",
            "module.networking.google_compute_firewall.deny_all",
            "module.networking.google_compute_global_address.main",
            "module.networking.google_compute_global_address.private_service_access",
            "module.networking.google_compute_global_forwarding_rule.http",
            "module.networking.google_compute_health_check.backend",
            "module.networking.google_compute_health_check.frontend",
            "module.networking.google_compute_managed_ssl_certificate.main",
            "module.networking.google_compute_network.main",
            "module.networking.google_compute_router.main",
            "module.networking.google_compute_router_nat.main",
            "module.networking.google_compute_subnetwork.main",
            "module.networking.google_compute_target_http_proxy.https_redirect",
            "module.networking.google_compute_url_map.https_redirect",
            "module.networking.google_service_networking_connection.private_service_access",
            "module.networking.google_vpc_access_connector.main"
          ]
        },
        {
          "index_key": "documents",
          "schema_version": 0,
          "attributes": {
            "bucket": "b/darwin-production-documents",
            "condition": [],
            "etag": "CAQ=",
            "id": "b/darwin-production-documents/roles/storage.objectAdmin/serviceAccount:darwin-production-backend-sa@pcs-helio.iam.gserviceaccount.com",
            "member": "serviceAccount:darwin-production-backend-sa@pcs-helio.iam.gserviceaccount.com",
            "role": "roles/storage.objectAdmin"
          },
          "sensitive_attributes": [],
          "identity_schema_version": 0,
          "private": "bnVsbA==",
          "dependencies": [
            "module.backend.google_service_account.backend",
            "module.backend.google_storage_bucket.buckets",
            "module.networking.google_compute_firewall.allow_database",
            "module.networking.google_compute_firewall.allow_health_check",
            "module.networking.google_compute_firewall.allow_http",
            "module.networking.google_compute_firewall.allow_https",
            "module.networking.google_compute_firewall.allow_redis",
            "module.networking.google_compute_firewall.allow_ssh",
            "module.networking.google_compute_firewall.deny_all",
            "module.networking.google_compute_global_address.main",
            "module.networking.google_compute_global_address.private_service_access",
            "module.networking.google_compute_global_forwarding_rule.http",
            "module.networking.google_compute_health_check.backend",
            "module.networking.google_compute_health_check.frontend",
            "module.networking.google_compute_managed_ssl_certificate.main",
            "module.networking.google_compute_network.main",
            "module.networking.google_compute_router.main",
            "module.networking.google_compute_router_nat.main",
            "module.networking.google_compute_subnetwork.main",
            "module.networking.google_compute_target_http_proxy.https_redirect",
            "module.networking.google_compute_url_map.https_redirect",
            "module.networking.google_service_networking_connection.private_service_access",
            "module.networking.google_vpc_access_connector.main"
          ]
        },
        {
          "index_key": "logs",
          "schema_version": 0,
          "attributes": {
            "bucket": "b/darwin-production-logs",
            "condition": [],
            "etag": "CAQ=",
            "id": "b/darwin-production-logs/roles/storage.objectAdmin/serviceAccount:darwin-production-backend-sa@pcs-helio.iam.gserviceaccount.com",
            "member": "serviceAccount:darwin-production-backend-sa@pcs-helio.iam.gserviceaccount.com",
            "role": "roles/storage.objectAdmin"
          },
          "sensitive_attributes": [],
          "identity_schema_version": 0,
          "private": "bnVsbA==",
          "dependencies": [
            "module.backend.google_service_account.backend",
            "module.backend.google_storage_bucket.buckets",
            "module.networking.google_compute_firewall.allow_database",
            "module.networking.google_compute_firewall.allow_health_check",
            "module.networking.google_compute_firewall.allow_http",
            "module.networking.google_compute_firewall.allow_https",
            "module.networking.google_compute_firewall.allow_redis",
            "module.networking.google_compute_firewall.allow_ssh",
            "module.networking.google_compute_firewall.deny_all",
            "module.networking.google_compute_global_address.main",
            "module.networking.google_compute_global_address.private_service_access",
            "module.networking.google_compute_global_forwarding_rule.http",
            "module.networking.google_compute_health_check.backend",
            "module.networking.google_compute_health_check.frontend",
            "module.networking.google_compute_managed_ssl_certificate.main",
            "module.networking.google_compute_network.main",
            "module.networking.google_compute_router.main",
            "module.networking.google_compute_router_nat.main",
            "module.networking.google_compute_subnetwork.main",
            "module.networking.google_compute_target_http_proxy.https_redirect",
            "module.networking.google_compute_url_map.https_redirect",
            "module.networking.google_service_networking_connection.private_service_access",
            "module.networking.google_vpc_access_connector.main"
          ]
        },
        {
          "index_key": "models",
          "schema_version": 0,
          "attributes": {
            "bucket": "b/darwin-production-models",
            "condition": [],
            "etag": "CAQ=",
            "id": "b/darwin-production-models/roles/storage.objectAdmin/serviceAccount:darwin-production-backend-sa@pcs-helio.iam.gserviceaccount.com",
            "member": "serviceAccount:darwin-production-backend-sa@pcs-helio.iam.gserviceaccount.com",
            "role": "roles/storage.objectAdmin"
          },
          "sensitive_attributes": [],
          "identity_schema_version": 0,
          "private": "bnVsbA==",
          "dependencies": [
            "module.backend.google_service_account.backend",
            "module.backend.google_storage_bucket.buckets",
            "module.networking.google_compute_firewall.allow_database",
            "module.networking.google_compute_firewall.allow_health_check",
            "module.networking.google_compute_firewall.allow_http",
            "module.networking.google_compute_firewall.allow_https",
            "module.networking.google_compute_firewall.allow_redis",
            "module.networking.google_compute_firewall.allow_ssh",
            "module.networking.google_compute_firewall.deny_all",
            "module.networking.google_compute_global_address.main",
            "module.networking.google_compute_global_address.private_service_access",
            "module.networking.google_compute_global_forwarding_rule.http",
            "module.networking.google_compute_health_check.backend",
            "module.networking.google_compute_health_check.frontend",
            "module.networking.google_compute_managed_ssl_certificate.main",
            "module.networking.google_compute_network.main",
            "module.networking.google_compute_router.main",
            "module.networking.google_compute_router_nat.main",
            "module.networking.google_compute_subnetwork.main",
            "module.networking.google_compute_target_http_proxy.https_redirect",
            "module.networking.google_compute_url_map.https_redirect",
            "module.networking.google_service_networking_connection.private_service_access",
            "module.networking.google_vpc_access_connector.main"
          ]
        },
        {
          "index_key": "uploads",
          "schema_version": 0,
          "attributes": {
            "bucket": "b/darwin-production-uploads",
            "condition": [],
            "etag": "CAQ=",
            "id": "b/darwin-production-uploads/roles/storage.objectAdmin/serviceAccount:darwin-production-backend-sa@pcs-helio.iam.gserviceaccount.com",
            "member": "serviceAccount:darwin-production-backend-sa@pcs-helio.iam.gserviceaccount.com",
            "role": "roles/storage.objectAdmin"
          },
          "sensitive_attributes": [],
          "identity_schema_version": 0,
          "private": "bnVsbA==",
          "dependencies": [
            "module.backend.google_service_account.backend",
            "module.backend.google_storage_bucket.buckets",
            "module.networking.google_compute_firewall.allow_database",
            "module.networking.google_compute_firewall.allow_health_check",
            "module.networking.google_compute_firewall.allow_http",
            "module.networking.google_compute_firewall.allow_https",
            "module.networking.google_compute_firewall.allow_redis",
            "module.networking.google_compute_firewall.allow_ssh",
            "module.networking.google_compute_firewall.deny_all",
            "module.networking.google_compute_global_address.main",
            "module.networking.google_compute_global_address.private_service_access",
            "module.networking.google_compute_global_forwarding_rule.http",
            "module.networking.google_compute_health_check.backend",
            "module.networking.google_compute_health_check.frontend",
            "module.networking.google_compute_managed_ssl_certificate.main",
            "module.networking.google_compute_network.main",
            "module.networking.google_compute_router.main",
            "module.networking.google_compute_router_nat.main",
            "module.networking.google_compute_subnetwork.main",
            "module.networking.google_compute_target_http_proxy.https_redirect",
            "module.networking.google_compute_url_map.https_redirect",
            "module.networking.google_service_networking_connection.private_service_access",
            "module.networking.google_vpc_access_connector.main"
          ]
        }
      ]
    },
    {
      "module": "module.backend",
      "mode": "managed",
      "type": "random_id",
      "name": "database_user_suffix",
      "provider": "provider[\"registry.terraform.io/hashicorp/random\"]",
      "instances": [
        {
          "schema_version": 0,
          "attributes": {
            "b64_std": "yU6ncg==",
            "b64_url": "yU6ncg",
            "byte_length": 4,
            "dec": "3377375090",
            "hex": "c94ea772",
            "id": "yU6ncg",
            "keepers": null,
            "prefix": null
          },
          "sensitive_attributes": [],
          "identity_schema_version": 0,
          "dependencies": [
            "module.networking.google_compute_firewall.allow_database",
            "module.networking.google_compute_firewall.allow_health_check",
            "module.networking.google_compute_firewall.allow_http",
            "module.networking.google_compute_firewall.allow_https",
            "module.networking.google_compute_firewall.allow_redis",
            "module.networking.google_compute_firewall.allow_ssh",
            "module.networking.google_compute_firewall.deny_all",
            "module.networking.google_compute_global_address.main",
            "module.networking.google_compute_global_address.private_service_access",
            "module.networking.google_compute_global_forwarding_rule.http",
            "module.networking.google_compute_health_check.backend",
            "module.networking.google_compute_health_check.frontend",
            "module.networking.google_compute_managed_ssl_certificate.main",
            "module.networking.google_compute_network.main",
            "module.networking.google_compute_router.main",
            "module.networking.google_compute_router_nat.main",
            "module.networking.google_compute_subnetwork.main",
            "module.networking.google_compute_target_http_proxy.https_redirect",
            "module.networking.google_compute_url_map.https_redirect",
            "module.networking.google_service_networking_connection.private_service_access",
            "module.networking.google_vpc_access_connector.main"
          ]
        }
      ]
    },
    {
      "module": "module.backend",
      "mode": "managed",
      "type": "random_password",
      "name": "database_password",
      "provider": "provider[\"registry.terraform.io/hashicorp/random\"]",
      "instances": [
        {
          "schema_version": 3,
          "attributes": {
            "bcrypt_hash": "$2a$10$RgFWPDrrRWjIvuLRbneDdOmgRGH4zta0uds7pRqby0pab6msjl2T.",
            "id": "none",
            "keepers": null,
            "length": 32,
            "lower": true,
            "min_lower": 0,
            "min_numeric": 0,
            "min_special": 0,
            "min_upper": 0,
            "number": true,
            "numeric": true,
            "override_special": null,
            "result": "iiGf#]5oPJqUAR2:nZ[2=KX:j(JTUGm\u003e",
            "special": true,
            "upper": true
          },
          "sensitive_attributes": [
            [
              {
                "type": "get_attr",
                "value": "bcrypt_hash"
              }
            ],
            [
              {
                "type": "get_attr",
                "value": "result"
              }
            ]
          ],
          "identity_schema_version": 0,
          "dependencies": [
            "module.networking.google_compute_firewall.allow_database",
            "module.networking.google_compute_firewall.allow_health_check",
            "module.networking.google_compute_firewall.allow_http",
            "module.networking.google_compute_firewall.allow_https",
            "module.networking.google_compute_firewall.allow_redis",
            "module.networking.google_compute_firewall.allow_ssh",
            "module.networking.google_compute_firewall.deny_all",
            "module.networking.google_compute_global_address.main",
            "module.networking.google_compute_global_address.private_service_access",
            "module.networking.google_compute_global_forwarding_rule.http",
            "module.networking.google_compute_health_check.backend",
            "module.networking.google_compute_health_check.frontend",
            "module.networking.google_compute_managed_ssl_certificate.main",
            "module.networking.google_compute_network.main",
            "module.networking.google_compute_router.main",
            "module.networking.google_compute_router_nat.main",
            "module.networking.google_compute_subnetwork.main",
            "module.networking.google_compute_target_http_proxy.https_redirect",
            "module.networking.google_compute_url_map.https_redirect",
            "module.networking.google_service_networking_connection.private_service_access",
            "module.networking.google_vpc_access_connector.main"
          ]
        }
      ]
    },
    {
      "module": "module.backend",
      "mode": "managed",
      "type": "random_password",
      "name": "jwt_secret",
      "provider": "provider[\"registry.terraform.io/hashicorp/random\"]",
      "instances": [
        {
          "schema_version": 3,
          "attributes": {
            "bcrypt_hash": "$2a$10$vLhPmFgqiM8.YZsWcnbt8uGf2X.cLxDZ5oduMnZUs2xVE1MqUSvQ.",
            "id": "none",
            "keepers": null,
            "length": 64,
            "lower": true,
            "min_lower": 0,
            "min_numeric": 0,
            "min_special": 0,
            "min_upper": 0,
            "number": true,
            "numeric": true,
            "override_special": null,
            "result": "qZz1S[=WNyHIvgIFx75ZzWcFWen!$J%ktuTXfma(s{3K\u0026=ni]$SM5Uq_YQS)[E#L",
            "special": true,
            "upper": true
          },
          "sensitive_attributes": [
            [
              {
                "type": "get_attr",
                "value": "bcrypt_hash"
              }
            ],
            [
              {
                "type": "get_attr",
                "value": "result"
              }
            ]
          ],
          "identity_schema_version": 0,
          "dependencies": [
            "module.networking.google_compute_firewall.allow_database",
            "module.networking.google_compute_firewall.allow_health_check",
            "module.networking.google_compute_firewall.allow_http",
            "module.networking.google_compute_firewall.allow_https",
            "module.networking.google_compute_firewall.allow_redis",
            "module.networking.google_compute_firewall.allow_ssh",
            "module.networking.google_compute_firewall.deny_all",
            "module.networking.google_compute_global_address.main",
            "module.networking.google_compute_global_address.private_service_access",
            "module.networking.google_compute_global_forwarding_rule.http",
            "module.networking.google_compute_health_check.backend",
            "module.networking.google_compute_health_check.frontend",
            "module.networking.google_compute_managed_ssl_certificate.main",
            "module.networking.google_compute_network.main",
            "module.networking.google_compute_router.main",
            "module.networking.google_compute_router_nat.main",
            "module.networking.google_compute_subnetwork.main",
            "module.networking.google_compute_target_http_proxy.https_redirect",
            "module.networking.google_compute_url_map.https_redirect",
            "module.networking.google_service_networking_connection.private_service_access",
            "module.networking.google_vpc_access_connector.main"
          ]
        }
      ]
    },
    {
      "module": "module.networking",
      "mode": "managed",
      "type": "google_compute_firewall",
      "name": "allow_database",
      "provider": "provider[\"registry.terraform.io/hashicorp/google\"]",
      "instances": [
        {
          "schema_version": 1,
          "attributes": {
            "allow": [
              {
                "ports": [
                  "5432"
                ],
                "protocol": "tcp"
              }
            ],
            "creation_timestamp": "2025-09-22T10:29:23.449-07:00",
            "deny": [],
            "description": "Allow Cloud Run to access database",
            "destination_ranges": [],
            "direction": "INGRESS",
            "disabled": false,
            "enable_logging": null,
            "id": "projects/pcs-helio/global/firewalls/darwin-production-allow-database",
            "log_config": [],
            "name": "darwin-production-allow-database",
            "network": "https://www.googleapis.com/compute/v1/projects/pcs-helio/global/networks/darwin-production-vpc",
            "priority": 1000,
            "project": "pcs-helio",
            "self_link": "https://www.googleapis.com/compute/v1/projects/pcs-helio/global/firewalls/darwin-production-allow-database",
            "source_ranges": [],
            "source_service_accounts": [],
            "source_tags": [
              "darwin-backend"
            ],
            "target_service_accounts": [],
            "target_tags": [
              "darwin-database"
            ],
            "timeouts": null
          },
          "sensitive_attributes": [],
          "identity_schema_version": 0,
          "private": "eyJlMmJmYjczMC1lY2FhLTExZTYtOGY4OC0zNDM2M2JjN2M0YzAiOnsiY3JlYXRlIjoxMjAwMDAwMDAwMDAwLCJkZWxldGUiOjEyMDAwMDAwMDAwMDAsInVwZGF0ZSI6MTIwMDAwMDAwMDAwMH0sInNjaGVtYV92ZXJzaW9uIjoiMSJ9",
          "dependencies": [
            "module.networking.google_compute_network.main"
          ]
        }
      ]
    },
    {
      "module": "module.networking",
      "mode": "managed",
      "type": "google_compute_firewall",
      "name": "allow_health_check",
      "provider": "provider[\"registry.terraform.io/hashicorp/google\"]",
      "instances": [
        {
          "schema_version": 1,
          "attributes": {
            "allow": [
              {
                "ports": [
                  "8080",
                  "8000",
                  "80",
                  "443"
                ],
                "protocol": "tcp"
              }
            ],
            "creation_timestamp": "2025-09-22T10:29:23.418-07:00",
            "deny": [],
            "description": "Allow Google Cloud health check probes",
            "destination_ranges": [],
            "direction": "INGRESS",
            "disabled": false,
            "enable_logging": null,
            "id": "projects/pcs-helio/global/firewalls/darwin-production-allow-health-check",
            "log_config": [],
            "name": "darwin-production-allow-health-check",
            "network": "https://www.googleapis.com/compute/v1/projects/pcs-helio/global/networks/darwin-production-vpc",
            "priority": 1000,
            "project": "pcs-helio",
            "self_link": "https://www.googleapis.com/compute/v1/projects/pcs-helio/global/firewalls/darwin-production-allow-health-check",
            "source_ranges": [
              "130.211.0.0/22",
              "35.191.0.0/16"
            ],
            "source_service_accounts": [],
            "source_tags": [],
            "target_service_accounts": [],
            "target_tags": [
              "darwin-backend",
              "darwin-frontend"
            ],
            "timeouts": null
          },
          "sensitive_attributes": [],
          "identity_schema_version": 0,
          "private": "eyJlMmJmYjczMC1lY2FhLTExZTYtOGY4OC0zNDM2M2JjN2M0YzAiOnsiY3JlYXRlIjoxMjAwMDAwMDAwMDAwLCJkZWxldGUiOjEyMDAwMDAwMDAwMDAsInVwZGF0ZSI6MTIwMDAwMDAwMDAwMH0sInNjaGVtYV92ZXJzaW9uIjoiMSJ9",
          "dependencies": [
            "module.networking.google_compute_network.main"
          ]
        }
      ]
    },
    {
      "module": "module.networking",
      "mode": "managed",
      "type": "google_compute_firewall",
      "name": "allow_http",
      "provider": "provider[\"registry.terraform.io/hashicorp/google\"]",
      "instances": [
        {
          "schema_version": 1,
          "attributes": {
            "allow": [
              {
                "ports": [
                  "80"
                ],
                "protocol": "tcp"
              }
            ],
            "creation_timestamp": "2025-09-22T10:29:23.481-07:00",
            "deny": [],
            "description": "Allow HTTP traffic",
            "destination_ranges": [],
            "direction": "INGRESS",
            "disabled": false,
            "enable_logging": null,
            "id": "projects/pcs-helio/global/firewalls/darwin-production-allow-http",
            "log_config": [],
            "name": "darwin-production-allow-http",
            "network": "https://www.googleapis.com/compute/v1/projects/pcs-helio/global/networks/darwin-production-vpc",
            "priority": 1000,
            "project": "pcs-helio",
            "self_link": "https://www.googleapis.com/compute/v1/projects/pcs-helio/global/firewalls/darwin-production-allow-http",
            "source_ranges": [
              "0.0.0.0/0"
            ],
            "source_service_accounts": [],
            "source_tags": [],
            "target_service_accounts": [],
            "target_tags": [
              "darwin-backend",
              "darwin-frontend"
            ],
            "timeouts": null
          },
          "sensitive_attributes": [],
          "identity_schema_version": 0,
          "private": "eyJlMmJmYjczMC1lY2FhLTExZTYtOGY4OC0zNDM2M2JjN2M0YzAiOnsiY3JlYXRlIjoxMjAwMDAwMDAwMDAwLCJkZWxldGUiOjEyMDAwMDAwMDAwMDAsInVwZGF0ZSI6MTIwMDAwMDAwMDAwMH0sInNjaGVtYV92ZXJzaW9uIjoiMSJ9",
          "dependencies": [
            "module.networking.google_compute_network.main"
          ]
        }
      ]
    },
    {
      "module": "module.networking",
      "mode": "managed",
      "type": "google_compute_firewall",
      "name": "allow_https",
      "provider": "provider[\"registry.terraform.io/hashicorp/google\"]",
      "instances": [
        {
          "schema_version": 1,
          "attributes": {
            "allow": [
              {
                "ports": [
                  "443"
                ],
                "protocol": "tcp"
              }
            ],
            "creation_timestamp": "2025-09-22T10:29:22.774-07:00",
            "deny": [],
            "description": "Allow HTTPS traffic",
            "destination_ranges": [],
            "direction": "INGRESS",
            "disabled": false,
            "enable_logging": null,
            "id": "projects/pcs-helio/global/firewalls/darwin-production-allow-https",
            "log_config": [],
            "name": "darwin-production-allow-https",
            "network": "https://www.googleapis.com/compute/v1/projects/pcs-helio/global/networks/darwin-production-vpc",
            "priority": 1000,
            "project": "pcs-helio",
            "self_link": "https://www.googleapis.com/compute/v1/projects/pcs-helio/global/firewalls/darwin-production-allow-https",
            "source_ranges": [
              "0.0.0.0/0"
            ],
            "source_service_accounts": [],
            "source_tags": [],
            "target_service_accounts": [],
            "target_tags": [
              "darwin-backend",
              "darwin-frontend"
            ],
            "timeouts": null
          },
          "sensitive_attributes": [],
          "identity_schema_version": 0,
          "private": "eyJlMmJmYjczMC1lY2FhLTExZTYtOGY4OC0zNDM2M2JjN2M0YzAiOnsiY3JlYXRlIjoxMjAwMDAwMDAwMDAwLCJkZWxldGUiOjEyMDAwMDAwMDAwMDAsInVwZGF0ZSI6MTIwMDAwMDAwMDAwMH0sInNjaGVtYV92ZXJzaW9uIjoiMSJ9",
          "dependencies": [
            "module.networking.google_compute_network.main"
          ]
        }
      ]
    },
    {
      "module": "module.networking",
      "mode": "managed",
      "type": "google_compute_firewall",
      "name": "allow_redis",
      "provider": "provider[\"registry.terraform.io/hashicorp/google\"]",
      "instances": [
        {
          "schema_version": 1,
          "attributes": {
            "allow": [
              {
                "ports": [
                  "6379"
                ],
                "protocol": "tcp"
              }
            ],
            "creation_timestamp": "2025-09-22T10:29:23.186-07:00",
            "deny": [],
            "description": "Allow Cloud Run to access Redis",
            "destination_ranges": [],
            "direction": "INGRESS",
            "disabled": false,
            "enable_logging": null,
            "id": "projects/pcs-helio/global/firewalls/darwin-production-allow-redis",
            "log_config": [],
            "name": "darwin-production-allow-redis",
            "network": "https://www.googleapis.com/compute/v1/projects/pcs-helio/global/networks/darwin-production-vpc",
            "priority": 1000,
            "project": "pcs-helio",
            "self_link": "https://www.googleapis.com/compute/v1/projects/pcs-helio/global/firewalls/darwin-production-allow-redis",
            "source_ranges": [],
            "source_service_accounts": [],
            "source_tags": [
              "darwin-backend"
            ],
            "target_service_accounts": [],
            "target_tags": [
              "darwin-redis"
            ],
            "timeouts": null
          },
          "sensitive_attributes": [],
          "identity_schema_version": 0,
          "private": "eyJlMmJmYjczMC1lY2FhLTExZTYtOGY4OC0zNDM2M2JjN2M0YzAiOnsiY3JlYXRlIjoxMjAwMDAwMDAwMDAwLCJkZWxldGUiOjEyMDAwMDAwMDAwMDAsInVwZGF0ZSI6MTIwMDAwMDAwMDAwMH0sInNjaGVtYV92ZXJzaW9uIjoiMSJ9",
          "dependencies": [
            "module.networking.google_compute_network.main"
          ]
        }
      ]
    },
    {
      "module": "module.networking",
      "mode": "managed",
      "type": "google_compute_firewall",
      "name": "allow_ssh",
      "provider": "provider[\"registry.terraform.io/hashicorp/google\"]",
      "instances": [
        {
          "schema_version": 1,
          "attributes": {
            "allow": [
              {
                "ports": [
                  "22"
                ],
                "protocol": "tcp"
              }
            ],
            "creation_timestamp": "2025-09-22T10:29:24.918-07:00",
            "deny": [],
            "description": "Allow SSH access for debugging",
            "destination_ranges": [],
            "direction": "INGRESS",
            "disabled": false,
            "enable_logging": null,
            "id": "projects/pcs-helio/global/firewalls/darwin-production-allow-ssh",
            "log_config": [],
            "name": "darwin-production-allow-ssh",
            "network": "https://www.googleapis.com/compute/v1/projects/pcs-helio/global/networks/darwin-production-vpc",
            "priority": 1000,
            "project": "pcs-helio",
            "self_link": "https://www.googleapis.com/compute/v1/projects/pcs-helio/global/firewalls/darwin-production-allow-ssh",
            "source_ranges": [
              "35.235.240.0/20"
            ],
            "source_service_accounts": [],
            "source_tags": [],
            "target_service_accounts": [],
            "target_tags": [
              "ssh-allowed"
            ],
            "timeouts": null
          },
          "sensitive_attributes": [],
          "identity_schema_version": 0,
          "private": "eyJlMmJmYjczMC1lY2FhLTExZTYtOGY4OC0zNDM2M2JjN2M0YzAiOnsiY3JlYXRlIjoxMjAwMDAwMDAwMDAwLCJkZWxldGUiOjEyMDAwMDAwMDAwMDAsInVwZGF0ZSI6MTIwMDAwMDAwMDAwMH0sInNjaGVtYV92ZXJzaW9uIjoiMSJ9",
          "dependencies": [
            "module.networking.google_compute_network.main"
          ]
        }
      ]
    },
    {
      "module": "module.networking",
      "mode": "managed",
      "type": "google_compute_firewall",
      "name": "deny_all",
      "provider": "provider[\"registry.terraform.io/hashicorp/google\"]",
      "instances": [
        {
          "schema_version": 1,
          "attributes": {
            "allow": [],
            "creation_timestamp": "2025-09-22T10:29:23.226-07:00",
            "deny": [
              {
                "ports": [],
                "protocol": "all"
              }
            ],
            "description": "Deny all other traffic (explicit)",
            "destination_ranges": [],
            "direction": "INGRESS",
            "disabled": false,
            "enable_logging": null,
            "id": "projects/pcs-helio/global/firewalls/darwin-production-deny-all",
            "log_config": [],
            "name": "darwin-production-deny-all",
            "network": "https://www.googleapis.com/compute/v1/projects/pcs-helio/global/networks/darwin-production-vpc",
            "priority": 65534,
            "project": "pcs-helio",
            "self_link": "https://www.googleapis.com/compute/v1/projects/pcs-helio/global/firewalls/darwin-production-deny-all",
            "source_ranges": [
              "0.0.0.0/0"
            ],
            "source_service_accounts": [],
            "source_tags": [],
            "target_service_accounts": [],
            "target_tags": [
              "deny-all"
            ],
            "timeouts": null
          },
          "sensitive_attributes": [],
          "identity_schema_version": 0,
          "private": "eyJlMmJmYjczMC1lY2FhLTExZTYtOGY4OC0zNDM2M2JjN2M0YzAiOnsiY3JlYXRlIjoxMjAwMDAwMDAwMDAwLCJkZWxldGUiOjEyMDAwMDAwMDAwMDAsInVwZGF0ZSI6MTIwMDAwMDAwMDAwMH0sInNjaGVtYV92ZXJzaW9uIjoiMSJ9",
          "dependencies": [
            "module.networking.google_compute_network.main"
          ]
        }
      ]
    },
    {
      "module": "module.networking",
      "mode": "managed",
      "type": "google_compute_global_address",
      "name": "main",
      "provider": "provider[\"registry.terraform.io/hashicorp/google\"]",
      "instances": [
        {
          "schema_version": 0,
          "attributes": {
            "address": "34.128.164.40",
            "address_type": "EXTERNAL",
            "creation_timestamp": "2025-09-22T10:28:48.301-07:00",
            "description": "Global IP address for load balancer",
            "effective_labels": {},
            "id": "projects/pcs-helio/global/addresses/darwin-production-global-ip",
            "ip_version": "",
            "label_fingerprint": "42WmSpB8rSM=",
            "labels": {},
            "name": "darwin-production-global-ip",
            "network": "",
            "prefix_length": 0,
            "project": "pcs-helio",
            "purpose": "",
            "self_link": "https://www.googleapis.com/compute/v1/projects/pcs-helio/global/addresses/darwin-production-global-ip",
            "terraform_labels": {},
            "timeouts": null
          },
          "sensitive_attributes": [],
          "identity_schema_version": 0,
          "private": "eyJlMmJmYjczMC1lY2FhLTExZTYtOGY4OC0zNDM2M2JjN2M0YzAiOnsiY3JlYXRlIjoxMjAwMDAwMDAwMDAwLCJkZWxldGUiOjEyMDAwMDAwMDAwMDAsInVwZGF0ZSI6MTIwMDAwMDAwMDAwMH19"
        }
      ]
    },
    {
      "module": "module.networking",
      "mode": "managed",
      "type": "google_compute_global_address",
      "name": "private_service_access",
      "provider": "provider[\"registry.terraform.io/hashicorp/google\"]",
      "instances": [
        {
          "schema_version": 0,
          "attributes": {
            "address": "10.221.0.0",
            "address_type": "INTERNAL",
            "creation_timestamp": "2025-09-22T10:56:37.249-07:00",
            "description": "IP range reserved for private service access",
            "effective_labels": {},
            "id": "projects/pcs-helio/global/addresses/darwin-production-private-services",
            "ip_version": "",
            "label_fingerprint": "42WmSpB8rSM=",
            "labels": {},
            "name": "darwin-production-private-services",
            "network": "https://www.googleapis.com/compute/v1/projects/pcs-helio/global/networks/darwin-production-vpc",
            "prefix_length": 16,
            "project": "pcs-helio",
            "purpose": "VPC_PEERING",
            "self_link": "https://www.googleapis.com/compute/v1/projects/pcs-helio/global/addresses/darwin-production-private-services",
            "terraform_labels": {},
            "timeouts": null
          },
          "sensitive_attributes": [],
          "identity_schema_version": 0,
          "private": "eyJlMmJmYjczMC1lY2FhLTExZTYtOGY4OC0zNDM2M2JjN2M0YzAiOnsiY3JlYXRlIjoxMjAwMDAwMDAwMDAwLCJkZWxldGUiOjEyMDAwMDAwMDAwMDAsInVwZGF0ZSI6MTIwMDAwMDAwMDAwMH19",
          "dependencies": [
            "module.networking.google_compute_network.main"
          ]
        }
      ]
    },
    {
      "module": "module.networking",
      "mode": "managed",
      "type": "google_compute_global_forwarding_rule",
      "name": "http",
      "provider": "provider[\"registry.terraform.io/hashicorp/google\"]",
      "instances": [
        {
          "schema_version": 0,
          "attributes": {
            "base_forwarding_rule": "",
            "description": "Forward HTTP traffic for redirect",
            "effective_labels": {},
            "id": "projects/pcs-helio/global/forwardingRules/darwin-production-http-forwarding-rule",
            "ip_address": "34.128.164.40",
            "ip_protocol": "TCP",
            "ip_version": "",
            "label_fingerprint": "42WmSpB8rSM=",
            "labels": {},
            "load_balancing_scheme": "EXTERNAL",
            "metadata_filters": [],
            "name": "darwin-production-http-forwarding-rule",
            "network": "",
            "no_automate_dns_zone": null,
            "port_range": "80-80",
            "project": "pcs-helio",
            "psc_connection_id": "",
            "psc_connection_status": "",
            "self_link": "https://www.googleapis.com/compute/v1/projects/pcs-helio/global/forwardingRules/darwin-production-http-forwarding-rule",
            "service_directory_registrations": [],
            "source_ip_ranges": [],
            "subnetwork": "",
            "target": "https://www.googleapis.com/compute/v1/projects/pcs-helio/global/targetHttpProxies/darwin-production-http-proxy",
            "terraform_labels": {},
            "timeouts": null
          },
          "sensitive_attributes": [],
          "identity_schema_version": 0,
          "private": "eyJlMmJmYjczMC1lY2FhLTExZTYtOGY4OC0zNDM2M2JjN2M0YzAiOnsiY3JlYXRlIjoxMjAwMDAwMDAwMDAwLCJkZWxldGUiOjEyMDAwMDAwMDAwMDAsInVwZGF0ZSI6MTIwMDAwMDAwMDAwMH19",
          "dependencies": [
            "module.networking.google_compute_global_address.main",
            "module.networking.google_compute_target_http_proxy.https_redirect",
            "module.networking.google_compute_url_map.https_redirect"
          ]
        }
      ]
    },
    {
      "module": "module.networking",
      "mode": "managed",
      "type": "google_compute_health_check",
      "name": "backend",
      "provider": "provider[\"registry.terraform.io/hashicorp/google\"]",
      "instances": [
        {
          "schema_version": 0,
          "attributes": {
            "check_interval_sec": 30,
            "creation_timestamp": "2025-09-22T10:28:48.575-07:00",
            "description": "Health check for backend services",
            "grpc_health_check": [],
            "healthy_threshold": 2,
            "http2_health_check": [],
            "http_health_check": [
              {
                "host": "",
                "port": 8080,
                "port_name": "",
                "port_specification": "",
                "proxy_header": "NONE",
                "request_path": "/health",
                "response": ""
              }
            ],
            "https_health_check": [],
            "id": "projects/pcs-helio/global/healthChecks/darwin-production-backend-health",
            "log_config": [
              {
                "enable": true
              }
            ],
            "name": "darwin-production-backend-health",
            "project": "pcs-helio",
            "self_link": "https://www.googleapis.com/compute/v1/projects/pcs-helio/global/healthChecks/darwin-production-backend-health",
            "source_regions": [],
            "ssl_health_check": [],
            "tcp_health_check": [],
            "timeout_sec": 10,
            "timeouts": null,
            "type": "HTTP",
            "unhealthy_threshold": 3
          },
          "sensitive_attributes": [],
          "identity_schema_version": 0,
          "private": "eyJlMmJmYjczMC1lY2FhLTExZTYtOGY4OC0zNDM2M2JjN2M0YzAiOnsiY3JlYXRlIjoxMjAwMDAwMDAwMDAwLCJkZWxldGUiOjEyMDAwMDAwMDAwMDAsInVwZGF0ZSI6MTIwMDAwMDAwMDAwMH19"
        }
      ]
    },
    {
      "module": "module.networking",
      "mode": "managed",
      "type": "google_compute_health_check",
      "name": "frontend",
      "provider": "provider[\"registry.terraform.io/hashicorp/google\"]",
      "instances": [
        {
          "schema_version": 0,
          "attributes": {
            "check_interval_sec": 30,
            "creation_timestamp": "2025-09-22T10:28:47.546-07:00",
            "description": "Health check for frontend services",
            "grpc_health_check": [],
            "healthy_threshold": 2,
            "http2_health_check": [],
            "http_health_check": [
              {
                "host": "",
                "port": 3000,
                "port_name": "",
                "port_specification": "",
                "proxy_header": "NONE",
                "request_path": "/",
                "response": ""
              }
            ],
            "https_health_check": [],
            "id": "projects/pcs-helio/global/healthChecks/darwin-production-frontend-health",
            "log_config": [
              {
                "enable": true
              }
            ],
            "name": "darwin-production-frontend-health",
            "project": "pcs-helio",
            "self_link": "https://www.googleapis.com/compute/v1/projects/pcs-helio/global/healthChecks/darwin-production-frontend-health",
            "source_regions": [],
            "ssl_health_check": [],
            "tcp_health_check": [],
            "timeout_sec": 10,
            "timeouts": null,
            "type": "HTTP",
            "unhealthy_threshold": 3
          },
          "sensitive_attributes": [],
          "identity_schema_version": 0,
          "private": "eyJlMmJmYjczMC1lY2FhLTExZTYtOGY4OC0zNDM2M2JjN2M0YzAiOnsiY3JlYXRlIjoxMjAwMDAwMDAwMDAwLCJkZWxldGUiOjEyMDAwMDAwMDAwMDAsInVwZGF0ZSI6MTIwMDAwMDAwMDAwMH19"
        }
      ]
    },
    {
      "module": "module.networking",
      "mode": "managed",
      "type": "google_compute_managed_ssl_certificate",
      "name": "main",
      "provider": "provider[\"registry.terraform.io/hashicorp/google\"]",
      "instances": [
        {
          "schema_version": 0,
          "attributes": {
            "certificate_id": 308838779055782304,
            "creation_timestamp": "2025-09-22T10:28:48.700-07:00",
            "description": "Managed SSL certificate for darwin",
            "expire_time": "",
            "id": "projects/pcs-helio/global/sslCertificates/darwin-production-ssl-cert",
            "managed": [
              {
                "domains": [
                  "api.agourakis.med.br",
                  "darwin.agourakis.med.br"
                ]
              }
            ],
            "name": "darwin-production-ssl-cert",
            "project": "pcs-helio",
            "self_link": "https://www.googleapis.com/compute/v1/projects/pcs-helio/global/sslCertificates/darwin-production-ssl-cert",
            "subject_alternative_names": [],
            "timeouts": null,
            "type": "MANAGED"
          },
          "sensitive_attributes": [],
          "identity_schema_version": 0,
          "private": "eyJlMmJmYjczMC1lY2FhLTExZTYtOGY4OC0zNDM2M2JjN2M0YzAiOnsiY3JlYXRlIjoxODAwMDAwMDAwMDAwLCJkZWxldGUiOjE4MDAwMDAwMDAwMDB9fQ==",
          "create_before_destroy": true
        }
      ]
    },
    {
      "module": "module.networking",
      "mode": "managed",
      "type": "google_compute_network",
      "name": "main",
      "provider": "provider[\"registry.terraform.io/hashicorp/google\"]",
      "instances": [
        {
          "schema_version": 0,
          "attributes": {
            "auto_create_subnetworks": false,
            "delete_default_routes_on_create": false,
            "description": "Main VPC network for darwin production environment",
            "enable_ula_internal_ipv6": false,
            "gateway_ipv4": "",
            "id": "projects/pcs-helio/global/networks/darwin-production-vpc",
            "internal_ipv6_range": "",
            "mtu": 1460,
            "name": "darwin-production-vpc",
            "network_firewall_policy_enforcement_order": "AFTER_CLASSIC_FIREWALL",
            "numeric_id": "8035643355838560691",
            "project": "pcs-helio",
            "routing_mode": "GLOBAL",
            "self_link": "https://www.googleapis.com/compute/v1/projects/pcs-helio/global/networks/darwin-production-vpc",
            "timeouts": null
          },
          "sensitive_attributes": [],
          "identity_schema_version": 0,
          "private": "eyJlMmJmYjczMC1lY2FhLTExZTYtOGY4OC0zNDM2M2JjN2M0YzAiOnsiY3JlYXRlIjoxMjAwMDAwMDAwMDAwLCJkZWxldGUiOjEyMDAwMDAwMDAwMDAsInVwZGF0ZSI6MTIwMDAwMDAwMDAwMH19"
        }
      ]
    },
    {
      "module": "module.networking",
      "mode": "managed",
      "type": "google_compute_router",
      "name": "main",
      "provider": "provider[\"registry.terraform.io/hashicorp/google\"]",
      "instances": [
        {
          "schema_version": 0,
          "attributes": {
            "bgp": [
              {
                "advertise_mode": "DEFAULT",
                "advertised_groups": [],
                "advertised_ip_ranges": [],
                "asn": 64514,
                "identifier_range": "",
                "keepalive_interval": 20
              }
            ],
            "creation_timestamp": "2025-09-22T10:29:24.900-07:00",
            "description": "Cloud Router for NAT gateway",
            "encrypted_interconnect_router": false,
            "id": "projects/pcs-helio/regions/us-central1/routers/darwin-production-router",
            "name": "darwin-production-router",
            "network": "https://www.googleapis.com/compute/v1/projects/pcs-helio/global/networks/darwin-production-vpc",
            "project": "pcs-helio",
            "region": "us-central1",
            "self_link": "https://www.googleapis.com/compute/v1/projects/pcs-helio/regions/us-central1/routers/darwin-production-router",
            "timeouts": null
          },
          "sensitive_attributes": [],
          "identity_schema_version": 0,
          "private": "eyJlMmJmYjczMC1lY2FhLTExZTYtOGY4OC0zNDM2M2JjN2M0YzAiOnsiY3JlYXRlIjoxMjAwMDAwMDAwMDAwLCJkZWxldGUiOjEyMDAwMDAwMDAwMDAsInVwZGF0ZSI6MTIwMDAwMDAwMDAwMH19",
          "dependencies": [
            "module.networking.google_compute_network.main"
          ]
        }
      ]
    },
    {
      "module": "module.networking",
      "mode": "managed",
      "type": "google_compute_router_nat",
      "name": "main",
      "provider": "provider[\"registry.terraform.io/hashicorp/google\"]",
      "instances": [
        {
          "schema_version": 0,
          "attributes": {
            "auto_network_tier": "PREMIUM",
            "drain_nat_ips": [],
            "enable_dynamic_port_allocation": false,
            "enable_endpoint_independent_mapping": false,
            "endpoint_types": [
              "ENDPOINT_TYPE_VM"
            ],
            "icmp_idle_timeout_sec": 30,
            "id": "pcs-helio/us-central1/darwin-production-router/darwin-production-nat",
            "log_config": [
              {
                "enable": true,
                "filter": "ERRORS_ONLY"
              }
            ],
            "max_ports_per_vm": 0,
            "min_ports_per_vm": 64,
            "name": "darwin-production-nat",
            "nat_ip_allocate_option": "AUTO_ONLY",
            "nat_ips": [],
            "project": "pcs-helio",
            "region": "us-central1",
            "router": "darwin-production-router",
            "rules": [],
            "source_subnetwork_ip_ranges_to_nat": "ALL_SUBNETWORKS_ALL_IP_RANGES",
            "subnetwork": [],
            "tcp_established_idle_timeout_sec": 1200,
            "tcp_time_wait_timeout_sec": 120,
            "tcp_transitory_idle_timeout_sec": 30,
            "timeouts": null,
            "udp_idle_timeout_sec": 30
          },
          "sensitive_attributes": [],
          "identity_schema_version": 0,
          "private": "eyJlMmJmYjczMC1lY2FhLTExZTYtOGY4OC0zNDM2M2JjN2M0YzAiOnsiY3JlYXRlIjoxMjAwMDAwMDAwMDAwLCJkZWxldGUiOjEyMDAwMDAwMDAwMDAsInVwZGF0ZSI6MTIwMDAwMDAwMDAwMH19",
          "dependencies": [
            "module.networking.google_compute_network.main",
            "module.networking.google_compute_router.main"
          ]
        }
      ]
    },
    {
      "module": "module.networking",
      "mode": "managed",
      "type": "google_compute_subnetwork",
      "name": "main",
      "provider": "provider[\"registry.terraform.io/hashicorp/google\"]",
      "instances": [
        {
          "schema_version": 0,
          "attributes": {
            "creation_timestamp": "2025-09-22T10:29:24.298-07:00",
            "description": "Main subnet for darwin production",
            "external_ipv6_prefix": "",
            "fingerprint": null,
            "gateway_address": "10.0.0.1",
            "id": "projects/pcs-helio/regions/us-central1/subnetworks/darwin-production-subnet",
            "internal_ipv6_prefix": "",
            "ip_cidr_range": "10.0.0.0/24",
            "ipv6_access_type": "",
            "ipv6_cidr_range": "",
            "log_config": [
              {
                "aggregation_interval": "INTERVAL_10_MIN",
                "filter_expr": "true",
                "flow_sampling": 0.5,
                "metadata": "INCLUDE_ALL_METADATA",
                "metadata_fields": []
              }
            ],
            "name": "darwin-production-subnet",
            "network": "https://www.googleapis.com/compute/v1/projects/pcs-helio/global/networks/darwin-production-vpc",
            "private_ip_google_access": true,
            "private_ipv6_google_access": "DISABLE_GOOGLE_ACCESS",
            "project": "pcs-helio",
            "purpose": "PRIVATE",
            "region": "us-central1",
            "role": "",
            "secondary_ip_range": [
              {
                "ip_cidr_range": "192.168.0.0/20",
                "range_name": "services-range"
              },
              {
                "ip_cidr_range": "192.168.16.0/20",
                "range_name": "pods-range"
              }
            ],
            "self_link": "https://www.googleapis.com/compute/v1/projects/pcs-helio/regions/us-central1/subnetworks/darwin-production-subnet",
            "send_secondary_ip_range_if_empty": null,
            "stack_type": "IPV4_ONLY",
            "timeouts": null
          },
          "sensitive_attributes": [],
          "identity_schema_version": 0,
          "private": "eyJlMmJmYjczMC1lY2FhLTExZTYtOGY4OC0zNDM2M2JjN2M0YzAiOnsiY3JlYXRlIjoxMjAwMDAwMDAwMDAwLCJkZWxldGUiOjEyMDAwMDAwMDAwMDAsInVwZGF0ZSI6MTIwMDAwMDAwMDAwMH19",
          "dependencies": [
            "module.networking.google_compute_network.main"
          ]
        }
      ]
    },
    {
      "module": "module.networking",
      "mode": "managed",
      "type": "google_compute_target_http_proxy",
      "name": "https_redirect",
      "provider": "provider[\"registry.terraform.io/hashicorp/google\"]",
      "instances": [
        {
          "schema_version": 0,
          "attributes": {
            "creation_timestamp": "2025-09-22T10:29:06.110-07:00",
            "description": "HTTP proxy for HTTPS redirect",
            "http_keep_alive_timeout_sec": 0,
            "id": "projects/pcs-helio/global/targetHttpProxies/darwin-production-http-proxy",
            "name": "darwin-production-http-proxy",
            "project": "pcs-helio",
            "proxy_bind": false,
            "proxy_id": 4883170182714636685,
            "self_link": "https://www.googleapis.com/compute/v1/projects/pcs-helio/global/targetHttpProxies/darwin-production-http-proxy",
            "timeouts": null,
            "url_map": "https://www.googleapis.com/compute/v1/projects/pcs-helio/global/urlMaps/darwin-production-https-redirect"
          },
          "sensitive_attributes": [],
          "identity_schema_version": 0,
          "private": "eyJlMmJmYjczMC1lY2FhLTExZTYtOGY4OC0zNDM2M2JjN2M0YzAiOnsiY3JlYXRlIjoxMjAwMDAwMDAwMDAwLCJkZWxldGUiOjEyMDAwMDAwMDAwMDAsInVwZGF0ZSI6MTIwMDAwMDAwMDAwMH19",
          "dependencies": [
            "module.networking.google_compute_url_map.https_redirect"
          ]
        }
      ]
    },
    {
      "module": "module.networking",
      "mode": "managed",
      "type": "google_compute_url_map",
      "name": "https_redirect",
      "provider": "provider[\"registry.terraform.io/hashicorp/google\"]",
      "instances": [
        {
          "schema_version": 0,
          "attributes": {
            "creation_timestamp": "2025-09-22T10:28:47.632-07:00",
            "default_route_action": [],
            "default_service": "",
            "default_url_redirect": [
              {
                "host_redirect": "",
                "https_redirect": true,
                "path_redirect": "",
                "prefix_redirect": "",
                "redirect_response_code": "MOVED_PERMANENTLY_DEFAULT",
                "strip_query": false
              }
            ],
            "description": "Redirect HTTP to HTTPS",
            "fingerprint": "zOuJ1hh5Ttg=",
            "header_action": [],
            "host_rule": [],
            "id": "projects/pcs-helio/global/urlMaps/darwin-production-https-redirect",
            "map_id": 7820303230444517792,
            "name": "darwin-production-https-redirect",
            "path_matcher": [],
            "project": "pcs-helio",
            "self_link": "https://www.googleapis.com/compute/v1/projects/pcs-helio/global/urlMaps/darwin-production-https-redirect",
            "test": [],
            "timeouts": null
          },
          "sensitive_attributes": [],
          "identity_schema_version": 0,
          "private": "eyJlMmJmYjczMC1lY2FhLTExZTYtOGY4OC0zNDM2M2JjN2M0YzAiOnsiY3JlYXRlIjoxMjAwMDAwMDAwMDAwLCJkZWxldGUiOjEyMDAwMDAwMDAwMDAsInVwZGF0ZSI6MTIwMDAwMDAwMDAwMH19"
        }
      ]
    },
    {
      "module": "module.networking",
      "mode": "managed",
      "type": "google_service_networking_connection",
      "name": "private_service_access",
      "provider": "provider[\"registry.terraform.io/hashicorp/google\"]",
      "instances": [
        {
          "schema_version": 0,
          "attributes": {
            "deletion_policy": null,
            "id": "projects%2Fpcs-helio%2Fglobal%2Fnetworks%2Fdarwin-production-vpc:servicenetworking.googleapis.com",
            "network": "projects/pcs-helio/global/networks/darwin-production-vpc",
            "peering": "servicenetworking-googleapis-com",
            "reserved_peering_ranges": [
              "darwin-production-private-services"
            ],
            "service": "servicenetworking.googleapis.com",
            "timeouts": null,
            "update_on_creation_fail": null
          },
          "sensitive_attributes": [],
          "identity_schema_version": 0,
          "private": "eyJlMmJmYjczMC1lY2FhLTExZTYtOGY4OC0zNDM2M2JjN2M0YzAiOnsiY3JlYXRlIjo2MDAwMDAwMDAwMDAsImRlbGV0ZSI6NjAwMDAwMDAwMDAwLCJ1cGRhdGUiOjYwMDAwMDAwMDAwMH19",
          "dependencies": [
            "module.networking.google_compute_global_address.private_service_access",
            "module.networking.google_compute_network.main"
          ]
        }
      ]
    },
    {
      "module": "module.networking",
      "mode": "managed",
      "type": "google_vpc_access_connector",
      "name": "main",
      "provider": "provider[\"registry.terraform.io/hashicorp/google\"]",
      "instances": [
        {
          "schema_version": 0,
          "attributes": {
            "connected_projects": [
              "pcs-helio"
            ],
            "id": "projects/pcs-helio/locations/us-central1/connectors/darwin-production-conn",
            "ip_cidr_range": "10.8.0.0/28",
            "machine_type": "e2-micro",
            "max_instances": 10,
            "max_throughput": 1000,
            "min_instances": 2,
            "min_throughput": 200,
            "name": "darwin-production-conn",
            "network": "darwin-production-vpc",
            "project": "pcs-helio",
            "region": "us-central1",
            "self_link": "projects/pcs-helio/locations/us-central1/connectors/darwin-production-conn",
            "state": "READY",
            "subnet": [],
            "timeouts": null
          },
          "sensitive_attributes": [],
          "identity_schema_version": 0,
          "private": "eyJlMmJmYjczMC1lY2FhLTExZTYtOGY4OC0zNDM2M2JjN2M0YzAiOnsiY3JlYXRlIjoxMjAwMDAwMDAwMDAwLCJkZWxldGUiOjEyMDAwMDAwMDAwMDB9fQ==",
          "dependencies": [
            "module.networking.google_compute_network.main",
            "module.networking.google_compute_subnetwork.main"
          ]
        }
      ]
    }
  ],
  "check_results": [
    {
      "object_kind": "var",
      "config_addr": "module.networking.var.health_check_timeout",
      "status": "pass",
      "objects": [
        {
          "object_addr": "module.networking.var.health_check_timeout",
          "status": "pass"
        }
      ]
    },
    {
      "object_kind": "var",
      "config_addr": "module.frontend.var.node_version",
      "status": "unknown",
      "objects": [
        {
          "object_addr": "module.frontend.var.node_version",
          "status": "unknown"
        }
      ]
    },
    {
      "object_kind": "var",
      "config_addr": "module.networking.var.vpc_connector_cidr",
      "status": "pass",
      "objects": [
        {
          "object_addr": "module.networking.var.vpc_connector_cidr",
          "status": "pass"
        }
      ]
    },
    {
      "object_kind": "var",
      "config_addr": "module.networking.var.subnet_cidr",
      "status": "pass",
      "objects": [
        {
          "object_addr": "module.networking.var.subnet_cidr",
          "status": "pass"
        }
      ]
    },
    {
      "object_kind": "var",
      "config_addr": "module.backend.var.redis_version",
      "status": "pass",
      "objects": [
        {
          "object_addr": "module.backend.var.redis_version",
          "status": "pass"
        }
      ]
    },
    {
      "object_kind": "var",
      "config_addr": "module.networking.var.health_check_unhealthy_threshold",
      "status": "pass",
      "objects": [
        {
          "object_addr": "module.networking.var.health_check_unhealthy_threshold",
          "status": "pass"
        }
      ]
    },
    {
      "object_kind": "var",
      "config_addr": "module.backend.var.log_level",
      "status": "pass",
      "objects": [
        {
          "object_addr": "module.backend.var.log_level",
          "status": "pass"
        }
      ]
    },
    {
      "object_kind": "var",
      "config_addr": "module.networking.var.deny_all_priority",
      "status": "pass",
      "objects": [
        {
          "object_addr": "module.networking.var.deny_all_priority",
          "status": "pass"
        }
      ]
    },
    {
      "object_kind": "var",
      "config_addr": "module.frontend.var.hsts_max_age",
      "status": "unknown",
      "objects": [
        {
          "object_addr": "module.frontend.var.hsts_max_age",
          "status": "unknown"
        }
      ]
    },
    {
      "object_kind": "var",
      "config_addr": "module.backend.var.cpu_limit",
      "status": "pass",
      "objects": [
        {
          "object_addr": "module.backend.var.cpu_limit",
          "status": "pass"
        }
      ]
    },
    {
      "object_kind": "var",
      "config_addr": "module.networking.var.nat_min_ports_per_vm",
      "status": "pass",
      "objects": [
        {
          "object_addr": "module.networking.var.nat_min_ports_per_vm",
          "status": "pass"
        }
      ]
    },
    {
      "object_kind": "var",
      "config_addr": "module.backend.var.backup_retention_days",
      "status": "pass",
      "objects": [
        {
          "object_addr": "module.backend.var.backup_retention_days",
          "status": "pass"
        }
      ]
    },
    {
      "object_kind": "var",
      "config_addr": "module.networking.var.nat_udp_idle_timeout",
      "status": "pass",
      "objects": [
        {
          "object_addr": "module.networking.var.nat_udp_idle_timeout",
          "status": "pass"
        }
      ]
    },
    {
      "object_kind": "var",
      "config_addr": "module.backend.var.database_disk_size",
      "status": "pass",
      "objects": [
        {
          "object_addr": "module.backend.var.database_disk_size",
          "status": "pass"
        }
      ]
    },
    {
      "object_kind": "var",
      "config_addr": "var.redis_memory_size",
      "status": "pass",
      "objects": [
        {
          "object_addr": "var.redis_memory_size",
          "status": "pass"
        }
      ]
    },
    {
      "object_kind": "var",
      "config_addr": "module.backend.var.redis_connection_pool_size",
      "status": "pass",
      "objects": [
        {
          "object_addr": "module.backend.var.redis_connection_pool_size",
          "status": "pass"
        }
      ]
    },
    {
      "object_kind": "var",
      "config_addr": "module.backend.var.gpu_count",
      "status": "pass",
      "objects": [
        {
          "object_addr": "module.backend.var.gpu_count",
          "status": "pass"
        }
      ]
    },
    {
      "object_kind": "var",
      "config_addr": "var.redis_version",
      "status": "pass",
      "objects": [
        {
          "object_addr": "var.redis_version",
          "status": "pass"
        }
      ]
    },
    {
      "object_kind": "var",
      "config_addr": "module.backend.var.database_availability_type",
      "status": "pass",
      "objects": [
        {
          "object_addr": "module.backend.var.database_availability_type",
          "status": "pass"
        }
      ]
    },
    {
      "object_kind": "var",
      "config_addr": "module.networking.var.flow_logs_sampling",
      "status": "pass",
      "objects": [
        {
          "object_addr": "module.networking.var.flow_logs_sampling",
          "status": "pass"
        }
      ]
    },
    {
      "object_kind": "var",
      "config_addr": "module.networking.var.health_check_interval",
      "status": "pass",
      "objects": [
        {
          "object_addr": "module.networking.var.health_check_interval",
          "status": "pass"
        }
      ]
    },
    {
      "object_kind": "var",
      "config_addr": "module.backend.var.database_disk_max_size",
      "status": "pass",
      "objects": [
        {
          "object_addr": "module.backend.var.database_disk_max_size",
          "status": "pass"
        }
      ]
    },
    {
      "object_kind": "var",
      "config_addr": "module.backend.var.max_instances",
      "status": "pass",
      "objects": [
        {
          "object_addr": "module.backend.var.max_instances",
          "status": "pass"
        }
      ]
    },
    {
      "object_kind": "var",
      "config_addr": "module.frontend.var.connection_draining_timeout",
      "status": "unknown",
      "objects": [
        {
          "object_addr": "module.frontend.var.connection_draining_timeout",
          "status": "unknown"
        }
      ]
    },
    {
      "object_kind": "var",
      "config_addr": "module.frontend.var.rate_limit_requests_per_minute",
      "status": "unknown",
      "objects": [
        {
          "object_addr": "module.frontend.var.rate_limit_requests_per_minute",
          "status": "unknown"
        }
      ]
    },
    {
      "object_kind": "var",
      "config_addr": "module.networking.var.vpc_connector_max_throughput",
      "status": "pass",
      "objects": [
        {
          "object_addr": "module.networking.var.vpc_connector_max_throughput",
          "status": "pass"
        }
      ]
    },
    {
      "object_kind": "var",
      "config_addr": "module.networking.var.pods_secondary_cidr",
      "status": "pass",
      "objects": [
        {
          "object_addr": "module.networking.var.pods_secondary_cidr",
          "status": "pass"
        }
      ]
    },
    {
      "object_kind": "var",
      "config_addr": "module.frontend.var.memory_limit",
      "status": "unknown",
      "objects": [
        {
          "object_addr": "module.frontend.var.memory_limit",
          "status": "unknown"
        }
      ]
    },
    {
      "object_kind": "var",
      "config_addr": "var.environment",
      "status": "pass",
      "objects": [
        {
          "object_addr": "var.environment",
          "status": "pass"
        }
      ]
    },
    {
      "object_kind": "var",
      "config_addr": "module.frontend.var.min_instances",
      "status": "unknown",
      "objects": [
        {
          "object_addr": "module.frontend.var.min_instances",
          "status": "unknown"
        }
      ]
    },
    {
      "object_kind": "var",
      "config_addr": "module.backend.var.storage_class",
      "status": "pass",
      "objects": [
        {
          "object_addr": "module.backend.var.storage_class",
          "status": "pass"
        }
      ]
    },
    {
      "object_kind": "var",
      "config_addr": "module.frontend.var.image_optimization_quality",
      "status": "unknown",
      "objects": [
        {
          "object_addr": "module.frontend.var.image_optimization_quality",
          "status": "unknown"
        }
      ]
    },
    {
      "object_kind": "var",
      "config_addr": "module.backend.var.backup_start_time",
      "status": "pass",
      "objects": [
        {
          "object_addr": "module.backend.var.backup_start_time",
          "status": "pass"
        }
      ]
    },
    {
      "object_kind": "var",
      "config_addr": "var.database_disk_size",
      "status": "pass",
      "objects": [
        {
          "object_addr": "var.database_disk_size",
          "status": "pass"
        }
      ]
    },
    {
      "object_kind": "var",
      "config_addr": "module.frontend.var.cdn_max_ttl",
      "status": "unknown",
      "objects": [
        {
          "object_addr": "module.frontend.var.cdn_max_ttl",
          "status": "unknown"
        }
      ]
    },
    {
      "object_kind": "var",
      "config_addr": "module.backend.var.min_instances",
      "status": "pass",
      "objects": [
        {
          "object_addr": "module.backend.var.min_instances",
          "status": "pass"
        }
      ]
    },
    {
      "object_kind": "var",
      "config_addr": "module.frontend.var.max_instances",
      "status": "unknown",
      "objects": [
        {
          "object_addr": "module.frontend.var.max_instances",
          "status": "unknown"
        }
      ]
    },
    {
      "object_kind": "var",
      "config_addr": "var.storage_class",
      "status": "pass",
      "objects": [
        {
          "object_addr": "var.storage_class",
          "status": "pass"
        }
      ]
    },
    {
      "object_kind": "var",
      "config_addr": "module.backend.var.gpu_type",
      "status": "pass",
      "objects": [
        {
          "object_addr": "module.backend.var.gpu_type",
          "status": "pass"
        }
      ]
    },
    {
      "object_kind": "var",
      "config_addr": "module.backend.var.redis_memory_size",
      "status": "pass",
      "objects": [
        {
          "object_addr": "module.backend.var.redis_memory_size",
          "status": "pass"
        }
      ]
    },
    {
      "object_kind": "var",
      "config_addr": "module.networking.var.nat_tcp_established_idle_timeout",
      "status": "pass",
      "objects": [
        {
          "object_addr": "module.networking.var.nat_tcp_established_idle_timeout",
          "status": "pass"
        }
      ]
    },
    {
      "object_kind": "var",
      "config_addr": "var.budget_amount",
      "status": "pass",
      "objects": [
        {
          "object_addr": "var.budget_amount",
          "status": "pass"
        }
      ]
    },
    {
      "object_kind": "var",
      "config_addr": "module.frontend.var.request_timeout",
      "status": "unknown",
      "objects": [
        {
          "object_addr": "module.frontend.var.request_timeout",
          "status": "unknown"
        }
      ]
    },
    {
      "object_kind": "var",
      "config_addr": "module.networking.var.health_check_healthy_threshold",
      "status": "pass",
      "objects": [
        {
          "object_addr": "module.networking.var.health_check_healthy_threshold",
          "status": "pass"
        }
      ]
    },
    {
      "object_kind": "var",
      "config_addr": "module.networking.var.vpc_connector_min_throughput",
      "status": "pass",
      "objects": [
        {
          "object_addr": "module.networking.var.vpc_connector_min_throughput",
          "status": "pass"
        }
      ]
    },
    {
      "object_kind": "var",
      "config_addr": "module.backend.var.memory_limit",
      "status": "pass",
      "objects": [
        {
          "object_addr": "module.backend.var.memory_limit",
          "status": "pass"
        }
      ]
    },
    {
      "object_kind": "var",
      "config_addr": "module.backend.var.database_tier",
      "status": "pass",
      "objects": [
        {
          "object_addr": "module.backend.var.database_tier",
          "status": "pass"
        }
      ]
    },
    {
      "object_kind": "var",
      "config_addr": "var.database_tier",
      "status": "pass",
      "objects": [
        {
          "object_addr": "var.database_tier",
          "status": "pass"
        }
      ]
    },
    {
      "object_kind": "var",
      "config_addr": "module.networking.var.services_secondary_cidr",
      "status": "pass",
      "objects": [
        {
          "object_addr": "module.networking.var.services_secondary_cidr",
          "status": "pass"
        }
      ]
    },
    {
      "object_kind": "var",
      "config_addr": "module.backend.var.connection_pool_size",
      "status": "pass",
      "objects": [
        {
          "object_addr": "module.backend.var.connection_pool_size",
          "status": "pass"
        }
      ]
    },
    {
      "object_kind": "var",
      "config_addr": "module.networking.var.ssl_policy",
      "status": "pass",
      "objects": [
        {
          "object_addr": "module.networking.var.ssl_policy",
          "status": "pass"
        }
      ]
    },
    {
      "object_kind": "var",
      "config_addr": "module.frontend.var.cdn_default_ttl",
      "status": "unknown",
      "objects": [
        {
          "object_addr": "module.frontend.var.cdn_default_ttl",
          "status": "unknown"
        }
      ]
    },
    {
      "object_kind": "var",
      "config_addr": "module.backend.var.request_timeout",
      "status": "pass",
      "objects": [
        {
          "object_addr": "module.backend.var.request_timeout",
          "status": "pass"
        }
      ]
    },
    {
      "object_kind": "var",
      "config_addr": "module.frontend.var.log_sample_rate",
      "status": "unknown",
      "objects": [
        {
          "object_addr": "module.frontend.var.log_sample_rate",
          "status": "unknown"
        }
      ]
    },
    {
      "object_kind": "var",
      "config_addr": "module.frontend.var.cpu_limit",
      "status": "unknown",
      "objects": [
        {
          "object_addr": "module.frontend.var.cpu_limit",
          "status": "unknown"
        }
      ]
    },
    {
      "object_kind": "var",
      "config_addr": "module.frontend.var.cdn_client_ttl",
      "status": "unknown",
      "objects": [
        {
          "object_addr": "module.frontend.var.cdn_client_ttl",
          "status": "unknown"
        }
      ]
    }
  ]
}
